// !$*UTF8*$!
{
	archiveVersion = 1;
	classes = {
	};
	objectVersion = 77;
	objects = {

/* Begin PBXBuildFile section */
		01996F15BE524BD0BE81E3B6 /* SafariView.swift in Sources */ = {isa = PBXBuildFile; fileRef = AAB934E0EA2D41B4B246F19E /* SafariView.swift */; };
		12123E2F2F4717FB0011B385 /* RevenueCat in Frameworks */ = {isa = PBXBuildFile; productRef = 12123E2E2F4717FB0011B385 /* RevenueCat */; };
		12123E312F4717FB0011B385 /* RevenueCatUI in Frameworks */ = {isa = PBXBuildFile; productRef = 12123E302F4717FB0011B385 /* RevenueCatUI */; };
		12123E342F4719A20011B385 /* LinkKit in Frameworks */ = {isa = PBXBuildFile; productRef = 12123E332F4719A20011B385 /* LinkKit */; };
		12123E372F4859CB0011B385 /* PlaidManager.swift in Sources */ = {isa = PBXBuildFile; fileRef = 12123E352F4859CB0011B385 /* PlaidManager.swift */; };
		12123E382F4859CB0011B385 /* SubscriptionManager.swift in Sources */ = {isa = PBXBuildFile; fileRef = 12123E362F4859CB0011B385 /* SubscriptionManager.swift */; };
		12123E422F485B920011B385 /* PaywallScreen.swift in Sources */ = {isa = PBXBuildFile; fileRef = 12123E3E2F485B920011B385 /* PaywallScreen.swift */; };
		12123E432F485B920011B385 /* SettingsView.swift in Sources */ = {isa = PBXBuildFile; fileRef = 12123E3C2F485B920011B385 /* SettingsView.swift */; };
		12123E452F48D7E20011B385 /* PlaidLinkPresenter.swift in Sources */ = {isa = PBXBuildFile; fileRef = 12123E442F48D7E20011B385 /* PlaidLinkPresenter.swift */; };
		124C46492F56F65E00E4EA8B /* OB_IntroView.swift in Sources */ = {isa = PBXBuildFile; fileRef = 124C46372F56F65E00E4EA8B /* OB_IntroView.swift */; };
		124C464A2F56F65E00E4EA8B /* OB_MotivationView.swift in Sources */ = {isa = PBXBuildFile; fileRef = 124C463B2F56F65E00E4EA8B /* OB_MotivationView.swift */; };
		124C464C2F56F65E00E4EA8B /* OB_MicroInsightCard.swift in Sources */ = {isa = PBXBuildFile; fileRef = 124C462E2F56F65E00E4EA8B /* OB_MicroInsightCard.swift */; };
		124C464D2F56F65E00E4EA8B /* OB_LoadingView.swift in Sources */ = {isa = PBXBuildFile; fileRef = 124C463A2F56F65E00E4EA8B /* OB_LoadingView.swift */; };
		124C464F2F56F65E00E4EA8B /* OB_SpendingView.swift in Sources */ = {isa = PBXBuildFile; fileRef = 124C46422F56F65E00E4EA8B /* OB_SpendingView.swift */; };
		124C46502F56F65E00E4EA8B /* OB_SplashView.swift in Sources */ = {isa = PBXBuildFile; fileRef = 124C46432F56F65E00E4EA8B /* OB_SplashView.swift */; };
		124C46522F56F65E00E4EA8B /* OB_WelcomeView.swift in Sources */ = {isa = PBXBuildFile; fileRef = 124C46452F56F65E00E4EA8B /* OB_WelcomeView.swift */; };
		124C46532F56F65E00E4EA8B /* OB_InvestmentView.swift in Sources */ = {isa = PBXBuildFile; fileRef = 124C46382F56F65E00E4EA8B /* OB_InvestmentView.swift */; };
		124C46542F56F65E00E4EA8B /* OB_RoadmapView.swift in Sources */ = {isa = PBXBuildFile; fileRef = 124C463F2F56F65E00E4EA8B /* OB_RoadmapView.swift */; };
		124C46552F56F65E00E4EA8B /* OB_LifestyleView.swift in Sources */ = {isa = PBXBuildFile; fileRef = 124C46392F56F65E00E4EA8B /* OB_LifestyleView.swift */; };
		124C46562F56F65E00E4EA8B /* OB_IncomeView.swift in Sources */ = {isa = PBXBuildFile; fileRef = 124C46362F56F65E00E4EA8B /* OB_IncomeView.swift */; };
		124C46572F56F65E00E4EA8B /* OB_ValueScreenView.swift in Sources */ = {isa = PBXBuildFile; fileRef = 124C46442F56F65E00E4EA8B /* OB_ValueScreenView.swift */; };
		124C46582F56F65E00E4EA8B /* OB_PainPointsView.swift in Sources */ = {isa = PBXBuildFile; fileRef = 124C463D2F56F65E00E4EA8B /* OB_PainPointsView.swift */; };
		124C46592F56F65E00E4EA8B /* OB_AgeView.swift in Sources */ = {isa = PBXBuildFile; fileRef = 124C46342F56F65E00E4EA8B /* OB_AgeView.swift */; };
		124C465A2F56F65E00E4EA8B /* OB_NameView.swift in Sources */ = {isa = PBXBuildFile; fileRef = 124C463C2F56F65E00E4EA8B /* OB_NameView.swift */; };
		124C465B2F56F65E00E4EA8B /* OB_SocialProofView.swift in Sources */ = {isa = PBXBuildFile; fileRef = 124C46412F56F65E00E4EA8B /* OB_SocialProofView.swift */; };
		124C465C2F56F65E00E4EA8B /* OB_PaywallView.swift in Sources */ = {isa = PBXBuildFile; fileRef = 124C463E2F56F65E00E4EA8B /* OB_PaywallView.swift */; };
		124C465E2F56F65E00E4EA8B /* OB_ContainerView.swift in Sources */ = {isa = PBXBuildFile; fileRef = 124C46472F56F65E00E4EA8B /* OB_ContainerView.swift */; };
		124C465F2F56F65E00E4EA8B /* OB_SignInView.swift in Sources */ = {isa = PBXBuildFile; fileRef = 124C46402F56F65E00E4EA8B /* OB_SignInView.swift */; };
		124C46612F56F65E00E4EA8B /* OB_PrimaryButton.swift in Sources */ = {isa = PBXBuildFile; fileRef = 124C46302F56F65E00E4EA8B /* OB_PrimaryButton.swift */; };
		124C46632F56F65E00E4EA8B /* OB_BackButton.swift in Sources */ = {isa = PBXBuildFile; fileRef = 124C46312F56F65E00E4EA8B /* OB_BackButton.swift */; };
		124C46642F56F65E00E4EA8B /* OB_OnboardingHeader.swift in Sources */ = {isa = PBXBuildFile; fileRef = 124C46652F56F65E00E4EA8B /* OB_OnboardingHeader.swift */; };
		12748F1E2F65CA1D00410D60 /* BudgetSetupModels.swift in Sources */ = {isa = PBXBuildFile; fileRef = 12748F1D2F65CA1D00410D60 /* BudgetSetupModels.swift */; };
		12748F202F65CA4000410D60 /* APIService+BudgetSetup.swift in Sources */ = {isa = PBXBuildFile; fileRef = 12748F1F2F65CA4000410D60 /* APIService+BudgetSetup.swift */; };
		12748F232F65CA7300410D60 /* BudgetSetupViewModel.swift in Sources */ = {isa = PBXBuildFile; fileRef = 12748F222F65CA7300410D60 /* BudgetSetupViewModel.swift */; };
		12748F252F65CCEE00410D60 /* BudgetSetupView.swift in Sources */ = {isa = PBXBuildFile; fileRef = 12748F242F65CCEE00410D60 /* BudgetSetupView.swift */; };
		12748F2B2F65D00B00410D60 /* BS_ConfirmView.swift in Sources */ = {isa = PBXBuildFile; fileRef = 12748F2A2F65D00B00410D60 /* BS_ConfirmView.swift */; };
		12748F2D2F66B21000410D60 /* BS_DiagnosisView.swift in Sources */ = {isa = PBXBuildFile; fileRef = 12748F2C2F66B21000410D60 /* BS_DiagnosisView.swift */; };
		12748F2F2F66B21000410D60 /* BS_LoadingView.swift in Sources */ = {isa = PBXBuildFile; fileRef = 12748F2E2F66B21000410D60 /* BS_LoadingView.swift */; };
		12748F302F66B21000410D60 /* BS_AccountSelectionView.swift in Sources */ = {isa = PBXBuildFile; fileRef = 12748F312F66B21000410D60 /* BS_AccountSelectionView.swift */; };
		12748FE92F7276F100410D60 /* BS_ChoosePathView.swift in Sources */ = {isa = PBXBuildFile; fileRef = 12748FE82F7276F100410D60 /* BS_ChoosePathView.swift */; };
		12748FEF2F7277AB00410D60 /* BS_TargetView.swift in Sources */ = {isa = PBXBuildFile; fileRef = 12748FEE2F7277AB00410D60 /* BS_TargetView.swift */; };
		12748FF12F72790000410D60 /* BS_SplitBudgetView.swift in Sources */ = {isa = PBXBuildFile; fileRef = 12748FF02F72790000410D60 /* BS_SplitBudgetView.swift */; };
		12748FF32F72790000410D61 /* BS_PlanSetView.swift in Sources */ = {isa = PBXBuildFile; fileRef = 12748FF22F72790000410D61 /* BS_PlanSetView.swift */; };
		1504D2E02F35A99D00FEE0E3 /* AppBackgroundView.swift in Sources */ = {isa = PBXBuildFile; fileRef = 1504D2DF2F35A99D00FEE0E3 /* AppBackgroundView.swift */; };
		1508AF372F5D1A2600D59781 /* OB_BarChartView.swift in Sources */ = {isa = PBXBuildFile; fileRef = 1508AF362F5D1A2600D59781 /* OB_BarChartView.swift */; };
		152BE0842F67A66C00CACBBC /* GlassPillSelector.swift in Sources */ = {isa = PBXBuildFile; fileRef = 152BE0832F67A66C00CACBBC /* GlassPillSelector.swift */; };
		152BE0862F67A67000CACBBC /* ChartInteractionLayer.swift in Sources */ = {isa = PBXBuildFile; fileRef = 152BE0852F67A67000CACBBC /* ChartInteractionLayer.swift */; };
		152C19792F5D3C2C007E68AA /* OB_EditableAmountDisplay.swift in Sources */ = {isa = PBXBuildFile; fileRef = 152C19782F5D3C2C007E68AA /* OB_EditableAmountDisplay.swift */; };
		153CA31A2F34EDEC001ED98E /* TopHeaderBar.swift in Sources */ = {isa = PBXBuildFile; fileRef = 153CA3192F34EDEC001ED98E /* TopHeaderBar.swift */; };
		153CA32C2F3562AC001ED98E /* SavingsTargetDetailView2.swift in Sources */ = {isa = PBXBuildFile; fileRef = 153CA32B2F3562AC001ED98E /* SavingsTargetDetailView2.swift */; };
		1571A1D82F3C2A2C0024A729 /* APIService.swift in Sources */ = {isa = PBXBuildFile; fileRef = 1571A1D62F3C2A2C0024A729 /* APIService.swift */; };
		1571A1DA2F3C2A5B0024A729 /* OnboardingModels.swift in Sources */ = {isa = PBXBuildFile; fileRef = 1571A1D92F3C2A5B0024A729 /* OnboardingModels.swift */; };
		15A115992F3246460085ED9B /* mockdata.swift in Sources */ = {isa = PBXBuildFile; fileRef = 15A115972F3246460085ED9B /* mockdata.swift */; };
		15ABCD012F36A00000AABB01 /* IncomeDetailView.swift in Sources */ = {isa = PBXBuildFile; fileRef = 15ABCD002F36A00000AABB01 /* IncomeDetailView.swift */; };
		15ABCD032F36B00000AABB02 /* TotalIncomeDetailView.swift in Sources */ = {isa = PBXBuildFile; fileRef = 15ABCD022F36B00000AABB02 /* TotalIncomeDetailView.swift */; };
		15E21AAB2F324EFA00A9BB60 /* Spacing.swift in Sources */ = {isa = PBXBuildFile; fileRef = 15E21AAA2F324EFA00A9BB60 /* Spacing.swift */; };
		15E21AB12F32548A00A9BB60 /* SimulatorView.swift in Sources */ = {isa = PBXBuildFile; fileRef = 15E21AB02F32548A00A9BB60 /* SimulatorView.swift */; };
		15E21AB32F3257B000A9BB60 /* CashflowView.swift in Sources */ = {isa = PBXBuildFile; fileRef = 15E21AB22F3257B000A9BB60 /* CashflowView.swift */; };
		15E21AB72F3257C600A9BB60 /* InvestmentView.swift in Sources */ = {isa = PBXBuildFile; fileRef = 15E21AB62F3257C600A9BB60 /* InvestmentView.swift */; };
		15E21AB92F3257D700A9BB60 /* GlassmorphicTabBar.swift in Sources */ = {isa = PBXBuildFile; fileRef = 15E21AB82F3257D700A9BB60 /* GlassmorphicTabBar.swift */; };
		15E21AD92F3394B100A9BB60 /* FlameIcon.swift in Sources */ = {isa = PBXBuildFile; fileRef = 15E21AD82F3394B100A9BB60 /* FlameIcon.swift */; };
		15E21AE32F33BBB600A9BB60 /* SavingsInputSheet.swift in Sources */ = {isa = PBXBuildFile; fileRef = 15E21AE22F33BBB600A9BB60 /* SavingsInputSheet.swift */; };
		15E21AED2F33C11A00A9BB60 /* MainTabView.swift in Sources */ = {isa = PBXBuildFile; fileRef = 15E21AEC2F33C11A00A9BB60 /* MainTabView.swift */; };
		15E21AF12F33C40000A9BB60 /* BudgetCard.swift in Sources */ = {isa = PBXBuildFile; fileRef = 15E21AF02F33C40000A9BB60 /* BudgetCard.swift */; };
		15E21AF32F33F2AD00A9BB60 /* AccountsCard.swift in Sources */ = {isa = PBXBuildFile; fileRef = 15E21AF22F33F2AD00A9BB60 /* AccountsCard.swift */; };
		15E21AF52F33F2BE00A9BB60 /* AssetAllocationCard.swift in Sources */ = {isa = PBXBuildFile; fileRef = 15E21AF42F33F2BE00A9BB60 /* AssetAllocationCard.swift */; };
		15E21AF82F34010000A9BB71 /* TransactionDetailSheet.swift in Sources */ = {isa = PBXBuildFile; fileRef = 15E21AF72F34010000A9BB70 /* TransactionDetailSheet.swift */; };
		15E21AFA2F34020000A9BB72 /* TransactionRow.swift in Sources */ = {isa = PBXBuildFile; fileRef = 15E21AF92F34020000A9BB73 /* TransactionRow.swift */; };
		15E21AFC2F34030000A9BB74 /* AllTransactionsView.swift in Sources */ = {isa = PBXBuildFile; fileRef = 15E21AFB2F34030000A9BB75 /* AllTransactionsView.swift */; };
		15E21B102F33F31000A9BB70 /* AccountDetailView.swift in Sources */ = {isa = PBXBuildFile; fileRef = 15E21B0F2F33F31000A9BB70 /* AccountDetailView.swift */; };
		15E21B142F33F33000A9BB80 /* AssetAllocationDetailView.swift in Sources */ = {isa = PBXBuildFile; fileRef = 15E21B132F33F33000A9BB80 /* AssetAllocationDetailView.swift */; };
		15FF6EDA2F31096B0005F482 /* GradientButton.swift in Sources */ = {isa = PBXBuildFile; fileRef = 15FF6ED92F31043F0005F482 /* GradientButton.swift */; };
		15FF6EDB2F3109F40005F482 /* Colors.swift in Sources */ = {isa = PBXBuildFile; fileRef = 15FF6ED72F31033C0005F482 /* Colors.swift */; };
		15FF6EE02F310A040005F482 /* Typography.swift in Sources */ = {isa = PBXBuildFile; fileRef = 15FF6ED82F3103F70005F482 /* Typography.swift */; };
		18177349D8754A42810808DD /* PlaidTrustBridgeView.swift in Sources */ = {isa = PBXBuildFile; fileRef = A896C70355034867B690BCB2 /* PlaidTrustBridgeView.swift */; };
		1EB2D5B3CC5D45E3A2CC9B26 /* Shadows.swift in Sources */ = {isa = PBXBuildFile; fileRef = D4B6BBC00A0F486AB485D850 /* Shadows.swift */; };
		AA5B00032F38500000001003 /* Supabase in Frameworks */ = {isa = PBXBuildFile; productRef = AA5B00022F38500000001002 /* Supabase */; };
		AA5B00052F38500000001005 /* SupabaseManager.swift in Sources */ = {isa = PBXBuildFile; fileRef = AA5B00042F38500000001004 /* SupabaseManager.swift */; };
		AAOB00012F38500000000001 /* OnboardingData.swift in Sources */ = {isa = PBXBuildFile; fileRef = AAOB00112F38500000000001 /* OnboardingData.swift */; };
		AB10000B2F33C40100A9BB60 /* BudgetMonthSwitcherSheet.swift in Sources */ = {isa = PBXBuildFile; fileRef = AB10000A2F33C40100A9BB60 /* BudgetMonthSwitcherSheet.swift */; };
		AB10000D2F33C40100A9BB60 /* BudgetEditChooserSheet.swift in Sources */ = {isa = PBXBuildFile; fileRef = AB10000C2F33C40100A9BB60 /* BudgetEditChooserSheet.swift */; };
		C0827AD0E7B54B73916CC9E1 /* AppConfig.swift in Sources */ = {isa = PBXBuildFile; fileRef = F3D88B1E877C494CB82A4469 /* AppConfig.swift */; };
		CAA9B02EF31C4C8B934DA729 /* AppLinks.swift in Sources */ = {isa = PBXBuildFile; fileRef = 30135FBE8062413AB05D409B /* AppLinks.swift */; };
		CD11E0022F90000000000001 /* TransactionCategoryCatalog.swift in Sources */ = {isa = PBXBuildFile; fileRef = CD11E0012F90000000000001 /* TransactionCategoryCatalog.swift */; };
		CD11E0042F90000000000001 /* Account+API.swift in Sources */ = {isa = PBXBuildFile; fileRef = CD11E0032F90000000000001 /* Account+API.swift */; };
		CD11E0062F90000000000001 /* CashflowDetailEmptyStates.swift in Sources */ = {isa = PBXBuildFile; fileRef = CD11E0052F90000000000001 /* CashflowDetailEmptyStates.swift */; };
		CD11E0082F90000000000001 /* FIREAssumptions.swift in Sources */ = {isa = PBXBuildFile; fileRef = CD11E0072F90000000000001 /* FIREAssumptions.swift */; };
		CD2604070000000000000002 /* HomeSetupState.swift in Sources */ = {isa = PBXBuildFile; fileRef = CD2604070000000000000001 /* HomeSetupState.swift */; };
		CD2604070000000000000004 /* HomeHeroModel.swift in Sources */ = {isa = PBXBuildFile; fileRef = CD2604070000000000000003 /* HomeHeroModel.swift */; };
		CD2604070000000000000006 /* ActivePlanModel.swift in Sources */ = {isa = PBXBuildFile; fileRef = CD2604070000000000000005 /* ActivePlanModel.swift */; };
		CD2604070000000000000008 /* SimulatorPreviewModel.swift in Sources */ = {isa = PBXBuildFile; fileRef = CD2604070000000000000007 /* SimulatorPreviewModel.swift */; };
		CDAA00022FA0000000000001 /* CategoryDisplayHelper.swift in Sources */ = {isa = PBXBuildFile; fileRef = CDAA00012FA0000000000001 /* CategoryDisplayHelper.swift */; };
		CDAA00072FA0000000000001 /* CashflowDetailBuilders.swift in Sources */ = {isa = PBXBuildFile; fileRef = CDAA00062FA0000000000001 /* CashflowDetailBuilders.swift */; };
		CDAA00092FA0000000000001 /* TabContentCache.swift in Sources */ = {isa = PBXBuildFile; fileRef = CDAA00082FA0000000000001 /* TabContentCache.swift */; };
		CDAA000B2FA0000000000001 /* InvestmentAllocationBuilder.swift in Sources */ = {isa = PBXBuildFile; fileRef = CDAA000A2FA0000000000001 /* InvestmentAllocationBuilder.swift */; };
		CDAA000D2FA0000000000001 /* InvestmentHeroData.swift in Sources */ = {isa = PBXBuildFile; fileRef = CDAA000C2FA0000000000001 /* InvestmentHeroData.swift */; };
		CDAA00112FA0000000000005 /* AppDataPreloader.swift in Sources */ = {isa = PBXBuildFile; fileRef = CDAA00102FA0000000000005 /* AppDataPreloader.swift */; };
		CDBB00022FA1000000000001 /* CashAccountsCard.swift in Sources */ = {isa = PBXBuildFile; fileRef = CDBB00012FA1000000000001 /* CashAccountsCard.swift */; };
		CDBB00042FA1000000000001 /* CashAccountDetailView.swift in Sources */ = {isa = PBXBuildFile; fileRef = CDBB00032FA1000000000001 /* CashAccountDetailView.swift */; };
		CDFM00022FB0000000000001 /* FIREMath.swift in Sources */ = {isa = PBXBuildFile; fileRef = CDFM00012FB0000000000001 /* FIREMath.swift */; };
		CDSP00022FD0000000000002 /* SpendingAnalysisDetailView.swift in Sources */ = {isa = PBXBuildFile; fileRef = CDSP00012FD0000000000001 /* SpendingAnalysisDetailView.swift */; };
		CDSP00042FD0000000000004 /* TotalSpendingAnalysisDetailView.swift in Sources */ = {isa = PBXBuildFile; fileRef = CDSP00032FD0000000000003 /* TotalSpendingAnalysisDetailView.swift */; };
		CDSP00062FE0000000000006 /* DetailSheetScaffold.swift in Sources */ = {isa = PBXBuildFile; fileRef = CDSP00052FE0000000000005 /* DetailSheetScaffold.swift */; };
		CF10A0012F50000100A9BB60 /* CashflowSpendingOverviewPrototypeCard.swift in Sources */ = {isa = PBXBuildFile; fileRef = CF10A0002F50000100A9BB60 /* CashflowSpendingOverviewPrototypeCard.swift */; };
		CF10A0112F50000100A9BB60 /* CashflowExpandedOverlayView.swift in Sources */ = {isa = PBXBuildFile; fileRef = CF10A0102F50000100A9BB60 /* CashflowExpandedOverlayView.swift */; };
		CF20A0112F70000100A9BB60 /* HomeExpandedOverlayView.swift in Sources */ = {isa = PBXBuildFile; fileRef = CF20A0102F70000100A9BB60 /* HomeExpandedOverlayView.swift */; };
		CF30A0012F80000100A9BB60 /* HomeBottomSheet.swift in Sources */ = {isa = PBXBuildFile; fileRef = CF30A0002F80000100A9BB60 /* HomeBottomSheet.swift */; };
		EABDEF89FBE940EB9923E4BD /* LiquidGlassTabBar.swift in Sources */ = {isa = PBXBuildFile; fileRef = A76DFA412FAB4ECEB53AA9BB /* LiquidGlassTabBar.swift */; };
		EB0000012F9A00000000EB01 /* ErrorBanner.swift in Sources */ = {isa = PBXBuildFile; fileRef = EB0000022F9A00000000EB01 /* ErrorBanner.swift */; };
		EB0000032F9A00000000EB02 /* EmptyStateView.swift in Sources */ = {isa = PBXBuildFile; fileRef = EB0000042F9A00000000EB02 /* EmptyStateView.swift */; };
		EB0000052F9A00000000EB03 /* SuccessToast.swift in Sources */ = {isa = PBXBuildFile; fileRef = EB0000062F9A00000000EB03 /* SuccessToast.swift */; };
		EB0000072F9A00000000EB04 /* BankLogoView.swift in Sources */ = {isa = PBXBuildFile; fileRef = EB0000082F9A00000000EB04 /* BankLogoView.swift */; };
		EB0000092F9A00000000EB05 /* TickerBadge.swift in Sources */ = {isa = PBXBuildFile; fileRef = EB00000A2F9A00000000EB05 /* TickerBadge.swift */; };
		F10000022FB0000000000001 /* InvestmentDataStore.swift in Sources */ = {isa = PBXBuildFile; fileRef = F10000012FB0000000000001 /* InvestmentDataStore.swift */; };
		F10000042FB0000000000001 /* InvestmentExpandedOverlayView.swift in Sources */ = {isa = PBXBuildFile; fileRef = F10000032FB0000000000001 /* InvestmentExpandedOverlayView.swift */; };
		F10000062FB0000000000001 /* InvestmentSheetContent.swift in Sources */ = {isa = PBXBuildFile; fileRef = F10000052FB0000000000001 /* InvestmentSheetContent.swift */; };
		F10000082FB0000000000001 /* SheetPrimaryCTAButton.swift in Sources */ = {isa = PBXBuildFile; fileRef = F10000072FB0000000000001 /* SheetPrimaryCTAButton.swift */; };
		F10000A22FB1000000000001 /* PortfolioModels.swift in Sources */ = {isa = PBXBuildFile; fileRef = F10000A12FB1000000000001 /* PortfolioModels.swift */; };
		F10000C22FB3000000000002 /* HomeRoadmapContent.swift in Sources */ = {isa = PBXBuildFile; fileRef = F10000C12FB3000000000001 /* HomeRoadmapContent.swift */; };
		F10000C42FB3000000000004 /* HomeNetWorthCard.swift in Sources */ = {isa = PBXBuildFile; fileRef = F10000C32FB3000000000003 /* HomeNetWorthCard.swift */; };
		F10000C62FB3000000000006 /* HomeSavingsRateCard.swift in Sources */ = {isa = PBXBuildFile; fileRef = F10000C52FB3000000000005 /* HomeSavingsRateCard.swift */; };
		F10000C82FB3000000000008 /* HomeReportsEntryCard.swift in Sources */ = {isa = PBXBuildFile; fileRef = F10000C72FB3000000000007 /* HomeReportsEntryCard.swift */; };
		PH0B00022F40000000000002 /* LegendItemView.swift in Sources */ = {isa = PBXBuildFile; fileRef = PH0B00012F40000000000002 /* LegendItemView.swift */; };
		PH0C00032F40000000000003 /* NumberFormatter+App.swift in Sources */ = {isa = PBXBuildFile; fileRef = PH0C00022F40000000000003 /* NumberFormatter+App.swift */; };
		PH0D000A2F4000000000000A /* HomeJourneyProgressStrip.swift in Sources */ = {isa = PBXBuildFile; fileRef = PH0D000B2F4000000000000B /* HomeJourneyProgressStrip.swift */; };
		RPT000012FC000000000001 /* ReportModels.swift in Sources */ = {isa = PBXBuildFile; fileRef = RPT000022FC000000000002 /* ReportModels.swift */; };
		RPT000032FC000000000003 /* ReportViews.swift in Sources */ = {isa = PBXBuildFile; fileRef = RPT000042FC000000000004 /* ReportViews.swift */; };
		SAV000012FC100000000001 /* SavingsTrackingUI.swift in Sources */ = {isa = PBXBuildFile; fileRef = SAV000022FC100000000002 /* SavingsTrackingUI.swift */; };
		SAV000032FC100000000003 /* NetWorthDetailView.swift in Sources */ = {isa = PBXBuildFile; fileRef = SAV000042FC100000000004 /* NetWorthDetailView.swift */; };
/* End PBXBuildFile section */

/* Begin PBXContainerItemProxy section */
		150899A42F30F611003DDFBF /* PBXContainerItemProxy */ = {
			isa = PBXContainerItemProxy;
			containerPortal = 1508998C2F30F60F003DDFBF /* Project object */;
			proxyType = 1;
			remoteGlobalIDString = 150899932F30F60F003DDFBF;
			remoteInfo = Meridian;
		};
		150899AE2F30F611003DDFBF /* PBXContainerItemProxy */ = {
			isa = PBXContainerItemProxy;
			containerPortal = 1508998C2F30F60F003DDFBF /* Project object */;
			proxyType = 1;
			remoteGlobalIDString = 150899932F30F60F003DDFBF;
			remoteInfo = Meridian;
		};
/* End PBXContainerItemProxy section */

/* Begin PBXFileReference section */
		12123E352F4859CB0011B385 /* PlaidManager.swift */ = {isa = PBXFileReference; lastKnownFileType = sourcecode.swift; path = PlaidManager.swift; sourceTree = "<group>"; };
		12123E362F4859CB0011B385 /* SubscriptionManager.swift */ = {isa = PBXFileReference; lastKnownFileType = sourcecode.swift; path = SubscriptionManager.swift; sourceTree = "<group>"; };
		12123E3C2F485B920011B385 /* SettingsView.swift */ = {isa = PBXFileReference; lastKnownFileType = sourcecode.swift; path = SettingsView.swift; sourceTree = "<group>"; };
		12123E3E2F485B920011B385 /* PaywallScreen.swift */ = {isa = PBXFileReference; lastKnownFileType = sourcecode.swift; path = PaywallScreen.swift; sourceTree = "<group>"; };
		12123E442F48D7E20011B385 /* PlaidLinkPresenter.swift */ = {isa = PBXFileReference; lastKnownFileType = sourcecode.swift; path = PlaidLinkPresenter.swift; sourceTree = "<group>"; };
		124C462E2F56F65E00E4EA8B /* OB_MicroInsightCard.swift */ = {isa = PBXFileReference; lastKnownFileType = sourcecode.swift; path = OB_MicroInsightCard.swift; sourceTree = "<group>"; };
		124C46302F56F65E00E4EA8B /* OB_PrimaryButton.swift */ = {isa = PBXFileReference; lastKnownFileType = sourcecode.swift; path = OB_PrimaryButton.swift; sourceTree = "<group>"; };
		124C46312F56F65E00E4EA8B /* OB_BackButton.swift */ = {isa = PBXFileReference; lastKnownFileType = sourcecode.swift; path = OB_BackButton.swift; sourceTree = "<group>"; };
		124C46342F56F65E00E4EA8B /* OB_AgeView.swift */ = {isa = PBXFileReference; lastKnownFileType = sourcecode.swift; path = OB_AgeView.swift; sourceTree = "<group>"; };
		124C46362F56F65E00E4EA8B /* OB_IncomeView.swift */ = {isa = PBXFileReference; lastKnownFileType = sourcecode.swift; path = OB_IncomeView.swift; sourceTree = "<group>"; };
		124C46372F56F65E00E4EA8B /* OB_IntroView.swift */ = {isa = PBXFileReference; lastKnownFileType = sourcecode.swift; path = OB_IntroView.swift; sourceTree = "<group>"; };
		124C46382F56F65E00E4EA8B /* OB_InvestmentView.swift */ = {isa = PBXFileReference; lastKnownFileType = sourcecode.swift; path = OB_InvestmentView.swift; sourceTree = "<group>"; };
		124C46392F56F65E00E4EA8B /* OB_LifestyleView.swift */ = {isa = PBXFileReference; lastKnownFileType = sourcecode.swift; path = OB_LifestyleView.swift; sourceTree = "<group>"; };
		124C463A2F56F65E00E4EA8B /* OB_LoadingView.swift */ = {isa = PBXFileReference; lastKnownFileType = sourcecode.swift; path = OB_LoadingView.swift; sourceTree = "<group>"; };
		124C463B2F56F65E00E4EA8B /* OB_MotivationView.swift */ = {isa = PBXFileReference; lastKnownFileType = sourcecode.swift; path = OB_MotivationView.swift; sourceTree = "<group>"; };
		124C463C2F56F65E00E4EA8B /* OB_NameView.swift */ = {isa = PBXFileReference; lastKnownFileType = sourcecode.swift; path = OB_NameView.swift; sourceTree = "<group>"; };
		124C463D2F56F65E00E4EA8B /* OB_PainPointsView.swift */ = {isa = PBXFileReference; lastKnownFileType = sourcecode.swift; path = OB_PainPointsView.swift; sourceTree = "<group>"; };
		124C463E2F56F65E00E4EA8B /* OB_PaywallView.swift */ = {isa = PBXFileReference; lastKnownFileType = sourcecode.swift; path = OB_PaywallView.swift; sourceTree = "<group>"; };
		124C463F2F56F65E00E4EA8B /* OB_RoadmapView.swift */ = {isa = PBXFileReference; lastKnownFileType = sourcecode.swift; path = OB_RoadmapView.swift; sourceTree = "<group>"; };
		124C46402F56F65E00E4EA8B /* OB_SignInView.swift */ = {isa = PBXFileReference; lastKnownFileType = sourcecode.swift; path = OB_SignInView.swift; sourceTree = "<group>"; };
		124C46412F56F65E00E4EA8B /* OB_SocialProofView.swift */ = {isa = PBXFileReference; lastKnownFileType = sourcecode.swift; path = OB_SocialProofView.swift; sourceTree = "<group>"; };
		124C46422F56F65E00E4EA8B /* OB_SpendingView.swift */ = {isa = PBXFileReference; lastKnownFileType = sourcecode.swift; path = OB_SpendingView.swift; sourceTree = "<group>"; };
		124C46432F56F65E00E4EA8B /* OB_SplashView.swift */ = {isa = PBXFileReference; lastKnownFileType = sourcecode.swift; path = OB_SplashView.swift; sourceTree = "<group>"; };
		124C46442F56F65E00E4EA8B /* OB_ValueScreenView.swift */ = {isa = PBXFileReference; lastKnownFileType = sourcecode.swift; path = OB_ValueScreenView.swift; sourceTree = "<group>"; };
		124C46452F56F65E00E4EA8B /* OB_WelcomeView.swift */ = {isa = PBXFileReference; lastKnownFileType = sourcecode.swift; path = OB_WelcomeView.swift; sourceTree = "<group>"; };
		124C46472F56F65E00E4EA8B /* OB_ContainerView.swift */ = {isa = PBXFileReference; lastKnownFileType = sourcecode.swift; path = OB_ContainerView.swift; sourceTree = "<group>"; };
		124C46652F56F65E00E4EA8B /* OB_OnboardingHeader.swift */ = {isa = PBXFileReference; lastKnownFileType = sourcecode.swift; path = OB_OnboardingHeader.swift; sourceTree = "<group>"; };
		12748F1D2F65CA1D00410D60 /* BudgetSetupModels.swift */ = {isa = PBXFileReference; lastKnownFileType = sourcecode.swift; path = BudgetSetupModels.swift; sourceTree = "<group>"; };
		12748F1F2F65CA4000410D60 /* APIService+BudgetSetup.swift */ = {isa = PBXFileReference; lastKnownFileType = sourcecode.swift; path = "APIService+BudgetSetup.swift"; sourceTree = "<group>"; };
		12748F222F65CA7300410D60 /* BudgetSetupViewModel.swift */ = {isa = PBXFileReference; lastKnownFileType = sourcecode.swift; path = BudgetSetupViewModel.swift; sourceTree = "<group>"; };
		12748F242F65CCEE00410D60 /* BudgetSetupView.swift */ = {isa = PBXFileReference; lastKnownFileType = sourcecode.swift; path = BudgetSetupView.swift; sourceTree = "<group>"; };
		12748F2A2F65D00B00410D60 /* BS_ConfirmView.swift */ = {isa = PBXFileReference; lastKnownFileType = sourcecode.swift; path = BS_ConfirmView.swift; sourceTree = "<group>"; };
		12748F2C2F66B21000410D60 /* BS_DiagnosisView.swift */ = {isa = PBXFileReference; lastKnownFileType = sourcecode.swift; path = BS_DiagnosisView.swift; sourceTree = "<group>"; };
		12748F2E2F66B21000410D60 /* BS_LoadingView.swift */ = {isa = PBXFileReference; lastKnownFileType = sourcecode.swift; path = BS_LoadingView.swift; sourceTree = "<group>"; };
		12748F312F66B21000410D60 /* BS_AccountSelectionView.swift */ = {isa = PBXFileReference; lastKnownFileType = sourcecode.swift; path = BS_AccountSelectionView.swift; sourceTree = "<group>"; };
		12748FE82F7276F100410D60 /* BS_ChoosePathView.swift */ = {isa = PBXFileReference; lastKnownFileType = sourcecode.swift; path = BS_ChoosePathView.swift; sourceTree = "<group>"; };
		12748FEE2F7277AB00410D60 /* BS_TargetView.swift */ = {isa = PBXFileReference; lastKnownFileType = sourcecode.swift; path = BS_TargetView.swift; sourceTree = "<group>"; };
		12748FF02F72790000410D60 /* BS_SplitBudgetView.swift */ = {isa = PBXFileReference; lastKnownFileType = sourcecode.swift; path = BS_SplitBudgetView.swift; sourceTree = "<group>"; };
		12748FF22F72790000410D61 /* BS_PlanSetView.swift */ = {isa = PBXFileReference; lastKnownFileType = sourcecode.swift; path = BS_PlanSetView.swift; sourceTree = "<group>"; };
		1504D2DF2F35A99D00FEE0E3 /* AppBackgroundView.swift */ = {isa = PBXFileReference; lastKnownFileType = sourcecode.swift; path = AppBackgroundView.swift; sourceTree = "<group>"; };
		150899942F30F60F003DDFBF /* Meridian.app */ = {isa = PBXFileReference; explicitFileType = wrapper.application; includeInIndex = 0; path = Meridian.app; sourceTree = BUILT_PRODUCTS_DIR; };
		150899A32F30F611003DDFBF /* MeridianTests.xctest */ = {isa = PBXFileReference; explicitFileType = wrapper.cfbundle; includeInIndex = 0; path = MeridianTests.xctest; sourceTree = BUILT_PRODUCTS_DIR; };
		150899AD2F30F611003DDFBF /* MeridianUITests.xctest */ = {isa = PBXFileReference; explicitFileType = wrapper.cfbundle; includeInIndex = 0; path = MeridianUITests.xctest; sourceTree = BUILT_PRODUCTS_DIR; };
		1508AF362F5D1A2600D59781 /* OB_BarChartView.swift */ = {isa = PBXFileReference; lastKnownFileType = sourcecode.swift; path = OB_BarChartView.swift; sourceTree = "<group>"; };
		152BE0832F67A66C00CACBBC /* GlassPillSelector.swift */ = {isa = PBXFileReference; lastKnownFileType = sourcecode.swift; path = GlassPillSelector.swift; sourceTree = "<group>"; };
		152BE0852F67A67000CACBBC /* ChartInteractionLayer.swift */ = {isa = PBXFileReference; lastKnownFileType = sourcecode.swift; path = ChartInteractionLayer.swift; sourceTree = "<group>"; };
		152C19782F5D3C2C007E68AA /* OB_EditableAmountDisplay.swift */ = {isa = PBXFileReference; lastKnownFileType = sourcecode.swift; path = OB_EditableAmountDisplay.swift; sourceTree = "<group>"; };
		153CA3192F34EDEC001ED98E /* TopHeaderBar.swift */ = {isa = PBXFileReference; lastKnownFileType = sourcecode.swift; path = TopHeaderBar.swift; sourceTree = "<group>"; };
		153CA32B2F3562AC001ED98E /* SavingsTargetDetailView2.swift */ = {isa = PBXFileReference; lastKnownFileType = sourcecode.swift; path = SavingsTargetDetailView2.swift; sourceTree = "<group>"; };
		1571A1D62F3C2A2C0024A729 /* APIService.swift */ = {isa = PBXFileReference; lastKnownFileType = sourcecode.swift; path = APIService.swift; sourceTree = "<group>"; };
		1571A1D92F3C2A5B0024A729 /* OnboardingModels.swift */ = {isa = PBXFileReference; lastKnownFileType = sourcecode.swift; path = OnboardingModels.swift; sourceTree = "<group>"; };
		15A115972F3246460085ED9B /* mockdata.swift */ = {isa = PBXFileReference; lastKnownFileType = sourcecode.swift; path = mockdata.swift; sourceTree = "<group>"; };
		15ABCD002F36A00000AABB01 /* IncomeDetailView.swift */ = {isa = PBXFileReference; lastKnownFileType = sourcecode.swift; path = IncomeDetailView.swift; sourceTree = "<group>"; };
		15ABCD022F36B00000AABB02 /* TotalIncomeDetailView.swift */ = {isa = PBXFileReference; lastKnownFileType = sourcecode.swift; path = TotalIncomeDetailView.swift; sourceTree = "<group>"; };
		15E21AAA2F324EFA00A9BB60 /* Spacing.swift */ = {isa = PBXFileReference; lastKnownFileType = sourcecode.swift; path = Spacing.swift; sourceTree = "<group>"; };
		15E21AB02F32548A00A9BB60 /* SimulatorView.swift */ = {isa = PBXFileReference; lastKnownFileType = sourcecode.swift; path = SimulatorView.swift; sourceTree = "<group>"; };
		15E21AB22F3257B000A9BB60 /* CashflowView.swift */ = {isa = PBXFileReference; lastKnownFileType = sourcecode.swift; path = CashflowView.swift; sourceTree = "<group>"; };
		15E21AB62F3257C600A9BB60 /* InvestmentView.swift */ = {isa = PBXFileReference; lastKnownFileType = sourcecode.swift; path = InvestmentView.swift; sourceTree = "<group>"; };
		15E21AB82F3257D700A9BB60 /* GlassmorphicTabBar.swift */ = {isa = PBXFileReference; lastKnownFileType = sourcecode.swift; path = GlassmorphicTabBar.swift; sourceTree = "<group>"; };
		15E21AD82F3394B100A9BB60 /* FlameIcon.swift */ = {isa = PBXFileReference; lastKnownFileType = sourcecode.swift; path = FlameIcon.swift; sourceTree = "<group>"; };
		15E21AE02F33BB9200A9BB60 /* SavingsTargetCard.swift */ = {isa = PBXFileReference; lastKnownFileType = sourcecode.swift; path = SavingsTargetCard.swift; sourceTree = "<group>"; };
		15E21AE22F33BBB600A9BB60 /* SavingsInputSheet.swift */ = {isa = PBXFileReference; lastKnownFileType = sourcecode.swift; path = SavingsInputSheet.swift; sourceTree = "<group>"; };
		15E21AEC2F33C11A00A9BB60 /* MainTabView.swift */ = {isa = PBXFileReference; lastKnownFileType = sourcecode.swift; path = MainTabView.swift; sourceTree = "<group>"; };
		15E21AF02F33C40000A9BB60 /* BudgetCard.swift */ = {isa = PBXFileReference; lastKnownFileType = sourcecode.swift; path = BudgetCard.swift; sourceTree = "<group>"; };
		15E21AF22F33F2AD00A9BB60 /* AccountsCard.swift */ = {isa = PBXFileReference; lastKnownFileType = sourcecode.swift; path = AccountsCard.swift; sourceTree = "<group>"; };
		15E21AF42F33F2BE00A9BB60 /* AssetAllocationCard.swift */ = {isa = PBXFileReference; lastKnownFileType = sourcecode.swift; path = AssetAllocationCard.swift; sourceTree = "<group>"; };
		15E21AF72F34010000A9BB70 /* TransactionDetailSheet.swift */ = {isa = PBXFileReference; lastKnownFileType = sourcecode.swift; path = TransactionDetailSheet.swift; sourceTree = "<group>"; };
		15E21AF92F34020000A9BB73 /* TransactionRow.swift */ = {isa = PBXFileReference; lastKnownFileType = sourcecode.swift; path = TransactionRow.swift; sourceTree = "<group>"; };
		15E21AFB2F34030000A9BB75 /* AllTransactionsView.swift */ = {isa = PBXFileReference; lastKnownFileType = sourcecode.swift; path = AllTransactionsView.swift; sourceTree = "<group>"; };
		15E21B0F2F33F31000A9BB70 /* AccountDetailView.swift */ = {isa = PBXFileReference; lastKnownFileType = sourcecode.swift; path = AccountDetailView.swift; sourceTree = "<group>"; };
		15E21B132F33F33000A9BB80 /* AssetAllocationDetailView.swift */ = {isa = PBXFileReference; lastKnownFileType = sourcecode.swift; path = AssetAllocationDetailView.swift; sourceTree = "<group>"; };
		15E99F502F906CD6008E9FBA /* AppCard.swift */ = {isa = PBXFileReference; lastKnownFileType = sourcecode.swift; path = AppCard.swift; sourceTree = "<group>"; };
		15E99F512F906CD6008E9FBA /* BS_SpendingBreakdownView.swift */ = {isa = PBXFileReference; lastKnownFileType = sourcecode.swift; path = BS_SpendingBreakdownView.swift; sourceTree = "<group>"; };
		15E99F522F906CD6008E9FBA /* BudgetPlanCard.swift */ = {isa = PBXFileReference; lastKnownFileType = sourcecode.swift; path = BudgetPlanCard.swift; sourceTree = "<group>"; };
		15E99F532F906CD6008E9FBA /* ConnectAccountCTAView.swift */ = {isa = PBXFileReference; lastKnownFileType = sourcecode.swift; path = ConnectAccountCTAView.swift; sourceTree = "<group>"; };
		15E99F542F906CD6008E9FBA /* DailyQuoteCard.swift */ = {isa = PBXFileReference; lastKnownFileType = sourcecode.swift; path = DailyQuoteCard.swift; sourceTree = "<group>"; };
		15E99F552F906CD6008E9FBA /* FIRECountdownCard.swift */ = {isa = PBXFileReference; lastKnownFileType = sourcecode.swift; path = FIRECountdownCard.swift; sourceTree = "<group>"; };
		15E99F562F906CD6008E9FBA /* FlameTogglePill.swift */ = {isa = PBXFileReference; lastKnownFileType = sourcecode.swift; path = FlameTogglePill.swift; sourceTree = "<group>"; };
		15E99F572F906CD6008E9FBA /* HeaderVisibilityPreferenceKey.swift */ = {isa = PBXFileReference; lastKnownFileType = sourcecode.swift; path = HeaderVisibilityPreferenceKey.swift; sourceTree = "<group>"; };
		15E99F582F906CD6008E9FBA /* IncomeCard.swift */ = {isa = PBXFileReference; lastKnownFileType = sourcecode.swift; path = IncomeCard.swift; sourceTree = "<group>"; };
		15E99F592F906CD6008E9FBA /* JourneyContainerView.swift */ = {isa = PBXFileReference; lastKnownFileType = sourcecode.swift; path = JourneyContainerView.swift; sourceTree = "<group>"; };
		15E99F5A2F906CD6008E9FBA /* JourneyTodoList.swift */ = {isa = PBXFileReference; lastKnownFileType = sourcecode.swift; path = JourneyTodoList.swift; sourceTree = "<group>"; };
		15E99F5B2F906CD6008E9FBA /* JourneyView.swift */ = {isa = PBXFileReference; lastKnownFileType = sourcecode.swift; path = JourneyView.swift; sourceTree = "<group>"; };
		15E99F5C2F906CD6008E9FBA /* JourneyViewModel.swift */ = {isa = PBXFileReference; lastKnownFileType = sourcecode.swift; path = JourneyViewModel.swift; sourceTree = "<group>"; };
		15E99F5D2F906CD6008E9FBA /* MonthIndicator.swift */ = {isa = PBXFileReference; lastKnownFileType = sourcecode.swift; path = MonthIndicator.swift; sourceTree = "<group>"; };
		15E99F5E2F906CD6008E9FBA /* NoDelayScrollView.swift */ = {isa = PBXFileReference; lastKnownFileType = sourcecode.swift; path = NoDelayScrollView.swift; sourceTree = "<group>"; };
		15E99F5F2F906CD6008E9FBA /* OB_PersonalizeProgress.swift */ = {isa = PBXFileReference; lastKnownFileType = sourcecode.swift; path = OB_PersonalizeProgress.swift; sourceTree = "<group>"; };
		15E99F602F906CD6008E9FBA /* OB_SnapshotProgress.swift */ = {isa = PBXFileReference; lastKnownFileType = sourcecode.swift; path = OB_SnapshotProgress.swift; sourceTree = "<group>"; };
		15E99F612F906CD6008E9FBA /* PlaidLinkRepresentable.swift */ = {isa = PBXFileReference; lastKnownFileType = sourcecode.swift; path = PlaidLinkRepresentable.swift; sourceTree = "<group>"; };
		15E99F622F906CD6008E9FBA /* PortfolioCard.swift */ = {isa = PBXFileReference; lastKnownFileType = sourcecode.swift; path = PortfolioCard.swift; sourceTree = "<group>"; };
		15E99F632F906CD6008E9FBA /* PortfolioHoldingsSection.swift */ = {isa = PBXFileReference; lastKnownFileType = sourcecode.swift; path = PortfolioHoldingsSection.swift; sourceTree = "<group>"; };
		15E99F642F906CD6008E9FBA /* ProgressBar.swift */ = {isa = PBXFileReference; lastKnownFileType = sourcecode.swift; path = ProgressBar.swift; sourceTree = "<group>"; };
		15E99F652F906CD6008E9FBA /* SavingsRateCard.swift */ = {isa = PBXFileReference; lastKnownFileType = sourcecode.swift; path = SavingsRateCard.swift; sourceTree = "<group>"; };
		15E99F662F906CD6008E9FBA /* SmoothPath.swift */ = {isa = PBXFileReference; lastKnownFileType = sourcecode.swift; path = SmoothPath.swift; sourceTree = "<group>"; };
		15E99F672F906CD6008E9FBA /* TabBarVisibilityPreferenceKey.swift */ = {isa = PBXFileReference; lastKnownFileType = sourcecode.swift; path = TabBarVisibilityPreferenceKey.swift; sourceTree = "<group>"; };
		15FF6ED72F31033C0005F482 /* Colors.swift */ = {isa = PBXFileReference; lastKnownFileType = sourcecode.swift; path = Colors.swift; sourceTree = "<group>"; };
		15FF6ED82F3103F70005F482 /* Typography.swift */ = {isa = PBXFileReference; lastKnownFileType = sourcecode.swift; path = Typography.swift; sourceTree = "<group>"; };
		15FF6ED92F31043F0005F482 /* GradientButton.swift */ = {isa = PBXFileReference; lastKnownFileType = sourcecode.swift; path = GradientButton.swift; sourceTree = "<group>"; };
		30135FBE8062413AB05D409B /* AppLinks.swift */ = {isa = PBXFileReference; lastKnownFileType = sourcecode.swift; path = AppLinks.swift; sourceTree = "<group>"; };
		8E03E4A8398A47FD9CC3F0BF /* Config.xcconfig */ = {isa = PBXFileReference; lastKnownFileType = text.xcconfig; path = Config.xcconfig; sourceTree = "<group>"; };
		A76DFA412FAB4ECEB53AA9BB /* LiquidGlassTabBar.swift */ = {isa = PBXFileReference; lastKnownFileType = sourcecode.swift; path = LiquidGlassTabBar.swift; sourceTree = "<group>"; };
		A896C70355034867B690BCB2 /* PlaidTrustBridgeView.swift */ = {isa = PBXFileReference; lastKnownFileType = sourcecode.swift; path = PlaidTrustBridgeView.swift; sourceTree = "<group>"; };
		AA5B00042F38500000001004 /* SupabaseManager.swift */ = {isa = PBXFileReference; lastKnownFileType = sourcecode.swift; path = SupabaseManager.swift; sourceTree = "<group>"; };
		AAB934E0EA2D41B4B246F19E /* SafariView.swift */ = {isa = PBXFileReference; lastKnownFileType = sourcecode.swift; path = SafariView.swift; sourceTree = "<group>"; };
		AAOB00112F38500000000001 /* OnboardingData.swift */ = {isa = PBXFileReference; lastKnownFileType = sourcecode.swift; path = OnboardingData.swift; sourceTree = "<group>"; };
		AB10000A2F33C40100A9BB60 /* BudgetMonthSwitcherSheet.swift */ = {isa = PBXFileReference; lastKnownFileType = sourcecode.swift; path = BudgetMonthSwitcherSheet.swift; sourceTree = "<group>"; };
		AB10000C2F33C40100A9BB60 /* BudgetEditChooserSheet.swift */ = {isa = PBXFileReference; lastKnownFileType = sourcecode.swift; path = BudgetEditChooserSheet.swift; sourceTree = "<group>"; };
		CD11E0012F90000000000001 /* TransactionCategoryCatalog.swift */ = {isa = PBXFileReference; lastKnownFileType = sourcecode.swift; path = TransactionCategoryCatalog.swift; sourceTree = "<group>"; };
		CD11E0032F90000000000001 /* Account+API.swift */ = {isa = PBXFileReference; lastKnownFileType = sourcecode.swift; path = "Account+API.swift"; sourceTree = "<group>"; };
		CD11E0052F90000000000001 /* CashflowDetailEmptyStates.swift */ = {isa = PBXFileReference; lastKnownFileType = sourcecode.swift; path = CashflowDetailEmptyStates.swift; sourceTree = "<group>"; };
		CD11E0072F90000000000001 /* FIREAssumptions.swift */ = {isa = PBXFileReference; lastKnownFileType = sourcecode.swift; path = FIREAssumptions.swift; sourceTree = "<group>"; };
		CD2604070000000000000001 /* HomeSetupState.swift */ = {isa = PBXFileReference; lastKnownFileType = sourcecode.swift; path = HomeSetupState.swift; sourceTree = "<group>"; };
		CD2604070000000000000003 /* HomeHeroModel.swift */ = {isa = PBXFileReference; lastKnownFileType = sourcecode.swift; path = HomeHeroModel.swift; sourceTree = "<group>"; };
		CD2604070000000000000005 /* ActivePlanModel.swift */ = {isa = PBXFileReference; lastKnownFileType = sourcecode.swift; path = ActivePlanModel.swift; sourceTree = "<group>"; };
		CD2604070000000000000007 /* SimulatorPreviewModel.swift */ = {isa = PBXFileReference; lastKnownFileType = sourcecode.swift; path = SimulatorPreviewModel.swift; sourceTree = "<group>"; };
		CDAA00012FA0000000000001 /* CategoryDisplayHelper.swift */ = {isa = PBXFileReference; lastKnownFileType = sourcecode.swift; path = CategoryDisplayHelper.swift; sourceTree = "<group>"; };
		CDAA00062FA0000000000001 /* CashflowDetailBuilders.swift */ = {isa = PBXFileReference; lastKnownFileType = sourcecode.swift; path = CashflowDetailBuilders.swift; sourceTree = "<group>"; };
		CDAA00082FA0000000000001 /* TabContentCache.swift */ = {isa = PBXFileReference; lastKnownFileType = sourcecode.swift; path = TabContentCache.swift; sourceTree = "<group>"; };
		CDAA000A2FA0000000000001 /* InvestmentAllocationBuilder.swift */ = {isa = PBXFileReference; lastKnownFileType = sourcecode.swift; path = InvestmentAllocationBuilder.swift; sourceTree = "<group>"; };
		CDAA000C2FA0000000000001 /* InvestmentHeroData.swift */ = {isa = PBXFileReference; lastKnownFileType = sourcecode.swift; path = InvestmentHeroData.swift; sourceTree = "<group>"; };
		CDAA00102FA0000000000005 /* AppDataPreloader.swift */ = {isa = PBXFileReference; lastKnownFileType = sourcecode.swift; path = AppDataPreloader.swift; sourceTree = "<group>"; };
		CDBB00012FA1000000000001 /* CashAccountsCard.swift */ = {isa = PBXFileReference; lastKnownFileType = sourcecode.swift; path = CashAccountsCard.swift; sourceTree = "<group>"; };
		CDBB00032FA1000000000001 /* CashAccountDetailView.swift */ = {isa = PBXFileReference; lastKnownFileType = sourcecode.swift; path = CashAccountDetailView.swift; sourceTree = "<group>"; };
		CDFM00012FB0000000000001 /* FIREMath.swift */ = {isa = PBXFileReference; lastKnownFileType = sourcecode.swift; path = FIREMath.swift; sourceTree = "<group>"; };
		CDSP00012FD0000000000001 /* SpendingAnalysisDetailView.swift */ = {isa = PBXFileReference; lastKnownFileType = sourcecode.swift; path = SpendingAnalysisDetailView.swift; sourceTree = "<group>"; };
		CDSP00032FD0000000000003 /* TotalSpendingAnalysisDetailView.swift */ = {isa = PBXFileReference; lastKnownFileType = sourcecode.swift; path = TotalSpendingAnalysisDetailView.swift; sourceTree = "<group>"; };
		CDSP00052FE0000000000005 /* DetailSheetScaffold.swift */ = {isa = PBXFileReference; lastKnownFileType = sourcecode.swift; path = DetailSheetScaffold.swift; sourceTree = "<group>"; };
		CF10A0002F50000100A9BB60 /* CashflowSpendingOverviewPrototypeCard.swift */ = {isa = PBXFileReference; lastKnownFileType = sourcecode.swift; path = CashflowSpendingOverviewPrototypeCard.swift; sourceTree = "<group>"; };
		CF10A0102F50000100A9BB60 /* CashflowExpandedOverlayView.swift */ = {isa = PBXFileReference; lastKnownFileType = sourcecode.swift; path = CashflowExpandedOverlayView.swift; sourceTree = "<group>"; };
		CF20A0102F70000100A9BB60 /* HomeExpandedOverlayView.swift */ = {isa = PBXFileReference; lastKnownFileType = sourcecode.swift; path = HomeExpandedOverlayView.swift; sourceTree = "<group>"; };
		CF30A0002F80000100A9BB60 /* HomeBottomSheet.swift */ = {isa = PBXFileReference; lastKnownFileType = sourcecode.swift; path = HomeBottomSheet.swift; sourceTree = "<group>"; };
		D4B6BBC00A0F486AB485D850 /* Shadows.swift */ = {isa = PBXFileReference; lastKnownFileType = sourcecode.swift; path = Shadows.swift; sourceTree = "<group>"; };
		EB0000022F9A00000000EB01 /* ErrorBanner.swift */ = {isa = PBXFileReference; lastKnownFileType = sourcecode.swift; path = ErrorBanner.swift; sourceTree = "<group>"; };
		EB0000042F9A00000000EB02 /* EmptyStateView.swift */ = {isa = PBXFileReference; lastKnownFileType = sourcecode.swift; path = EmptyStateView.swift; sourceTree = "<group>"; };
		EB0000062F9A00000000EB03 /* SuccessToast.swift */ = {isa = PBXFileReference; lastKnownFileType = sourcecode.swift; path = SuccessToast.swift; sourceTree = "<group>"; };
		EB0000082F9A00000000EB04 /* BankLogoView.swift */ = {isa = PBXFileReference; lastKnownFileType = sourcecode.swift; path = BankLogoView.swift; sourceTree = "<group>"; };
		EB00000A2F9A00000000EB05 /* TickerBadge.swift */ = {isa = PBXFileReference; lastKnownFileType = sourcecode.swift; path = TickerBadge.swift; sourceTree = "<group>"; };
		F10000012FB0000000000001 /* InvestmentDataStore.swift */ = {isa = PBXFileReference; lastKnownFileType = sourcecode.swift; path = InvestmentDataStore.swift; sourceTree = "<group>"; };
		F10000032FB0000000000001 /* InvestmentExpandedOverlayView.swift */ = {isa = PBXFileReference; lastKnownFileType = sourcecode.swift; path = InvestmentExpandedOverlayView.swift; sourceTree = "<group>"; };
		F10000052FB0000000000001 /* InvestmentSheetContent.swift */ = {isa = PBXFileReference; lastKnownFileType = sourcecode.swift; path = InvestmentSheetContent.swift; sourceTree = "<group>"; };
		F10000072FB0000000000001 /* SheetPrimaryCTAButton.swift */ = {isa = PBXFileReference; lastKnownFileType = sourcecode.swift; path = SheetPrimaryCTAButton.swift; sourceTree = "<group>"; };
		F10000A12FB1000000000001 /* PortfolioModels.swift */ = {isa = PBXFileReference; lastKnownFileType = sourcecode.swift; path = PortfolioModels.swift; sourceTree = "<group>"; };
		F10000C12FB3000000000001 /* HomeRoadmapContent.swift */ = {isa = PBXFileReference; lastKnownFileType = sourcecode.swift; path = HomeRoadmapContent.swift; sourceTree = "<group>"; };
		F10000C32FB3000000000003 /* HomeNetWorthCard.swift */ = {isa = PBXFileReference; lastKnownFileType = sourcecode.swift; path = HomeNetWorthCard.swift; sourceTree = "<group>"; };
		F10000C52FB3000000000005 /* HomeSavingsRateCard.swift */ = {isa = PBXFileReference; lastKnownFileType = sourcecode.swift; path = HomeSavingsRateCard.swift; sourceTree = "<group>"; };
		F10000C72FB3000000000007 /* HomeReportsEntryCard.swift */ = {isa = PBXFileReference; lastKnownFileType = sourcecode.swift; path = HomeReportsEntryCard.swift; sourceTree = "<group>"; };
		F10000C92FB3000000000009 /* SavingsInputSheet.swift */ = {isa = PBXFileReference; lastKnownFileType = sourcecode.swift; path = SavingsInputSheet.swift; sourceTree = "<group>"; };
		F10000CA2FB300000000000A /* SavingsTargetDetailView2.swift */ = {isa = PBXFileReference; lastKnownFileType = sourcecode.swift; path = SavingsTargetDetailView2.swift; sourceTree = "<group>"; };
		F3D88B1E877C494CB82A4469 /* AppConfig.swift */ = {isa = PBXFileReference; lastKnownFileType = sourcecode.swift; path = AppConfig.swift; sourceTree = "<group>"; };
		PH0B00012F40000000000002 /* LegendItemView.swift */ = {isa = PBXFileReference; lastKnownFileType = sourcecode.swift; path = LegendItemView.swift; sourceTree = "<group>"; };
		PH0C00022F40000000000003 /* NumberFormatter+App.swift */ = {isa = PBXFileReference; lastKnownFileType = sourcecode.swift; path = "NumberFormatter+App.swift"; sourceTree = "<group>"; };
		PH0D000B2F4000000000000B /* HomeJourneyProgressStrip.swift */ = {isa = PBXFileReference; lastKnownFileType = sourcecode.swift; path = HomeJourneyProgressStrip.swift; sourceTree = "<group>"; };
		RPT000022FC000000000002 /* ReportModels.swift */ = {isa = PBXFileReference; lastKnownFileType = sourcecode.swift; path = ReportModels.swift; sourceTree = "<group>"; };
		RPT000042FC000000000004 /* ReportViews.swift */ = {isa = PBXFileReference; lastKnownFileType = sourcecode.swift; path = ReportViews.swift; sourceTree = "<group>"; };
		SAV000022FC100000000002 /* SavingsTrackingUI.swift */ = {isa = PBXFileReference; lastKnownFileType = sourcecode.swift; path = SavingsTrackingUI.swift; sourceTree = "<group>"; };
		SAV000042FC100000000004 /* NetWorthDetailView.swift */ = {isa = PBXFileReference; lastKnownFileType = sourcecode.swift; path = NetWorthDetailView.swift; sourceTree = "<group>"; };
/* End PBXFileReference section */

/* Begin PBXFileSystemSynchronizedRootGroup section */
		150899962F30F60F003DDFBF /* Meridian */ = {
			isa = PBXFileSystemSynchronizedRootGroup;
			path = Meridian;
			sourceTree = "<group>";
		};
		150899A62F30F611003DDFBF /* MeridianTests */ = {
			isa = PBXFileSystemSynchronizedRootGroup;
			path = MeridianTests;
			sourceTree = "<group>";
		};
		150899B02F30F611003DDFBF /* MeridianUITests */ = {
			isa = PBXFileSystemSynchronizedRootGroup;
			path = MeridianUITests;
			sourceTree = "<group>";
		};
/* End PBXFileSystemSynchronizedRootGroup section */

/* Begin PBXFrameworksBuildPhase section */
		150899912F30F60F003DDFBF /* Frameworks */ = {
			isa = PBXFrameworksBuildPhase;
			buildActionMask = 2147483647;
			files = (
				12123E2F2F4717FB0011B385 /* RevenueCat in Frameworks */,
				12123E342F4719A20011B385 /* LinkKit in Frameworks */,
				AA5B00032F38500000001003 /* Supabase in Frameworks */,
				12123E312F4717FB0011B385 /* RevenueCatUI in Frameworks */,
			);
			runOnlyForDeploymentPostprocessing = 0;
		};
		150899A02F30F611003DDFBF /* Frameworks */ = {
			isa = PBXFrameworksBuildPhase;
			buildActionMask = 2147483647;
			files = (
			);
			runOnlyForDeploymentPostprocessing = 0;
		};
		150899AA2F30F611003DDFBF /* Frameworks */ = {
			isa = PBXFrameworksBuildPhase;
			buildActionMask = 2147483647;
			files = (
			);
			runOnlyForDeploymentPostprocessing = 0;
		};
/* End PBXFrameworksBuildPhase section */

/* Begin PBXGroup section */
		12123E3D2F485B920011B385 /* Settings */ = {
			isa = PBXGroup;
			children = (
				12123E3C2F485B920011B385 /* SettingsView.swift */,
			);
			path = Settings;
			sourceTree = "<group>";
		};
		12123E402F485B920011B385 /* Shared */ = {
			isa = PBXGroup;
			children = (
				12123E3E2F485B920011B385 /* PaywallScreen.swift */,
				AAB934E0EA2D41B4B246F19E /* SafariView.swift */,
				A896C70355034867B690BCB2 /* PlaidTrustBridgeView.swift */,
				F10000072FB0000000000001 /* SheetPrimaryCTAButton.swift */,
				SAV000022FC100000000002 /* SavingsTrackingUI.swift */,
			);
			path = Shared;
			sourceTree = "<group>";
		};
		124C46332F56F65E00E4EA8B /* Components */ = {
			isa = PBXGroup;
			children = (
				152C19782F5D3C2C007E68AA /* OB_EditableAmountDisplay.swift */,
				124C46312F56F65E00E4EA8B /* OB_BackButton.swift */,
				1508AF362F5D1A2600D59781 /* OB_BarChartView.swift */,
				124C46302F56F65E00E4EA8B /* OB_PrimaryButton.swift */,
				124C462E2F56F65E00E4EA8B /* OB_MicroInsightCard.swift */,
				124C46652F56F65E00E4EA8B /* OB_OnboardingHeader.swift */,
			);
			path = Components;
			sourceTree = "<group>";
		};
		124C46462F56F65E00E4EA8B /* Views */ = {
			isa = PBXGroup;
			children = (
				124C46432F56F65E00E4EA8B /* OB_SplashView.swift */,
				124C46452F56F65E00E4EA8B /* OB_WelcomeView.swift */,
				124C46402F56F65E00E4EA8B /* OB_SignInView.swift */,
				124C46372F56F65E00E4EA8B /* OB_IntroView.swift */,
				124C463C2F56F65E00E4EA8B /* OB_NameView.swift */,
				124C463B2F56F65E00E4EA8B /* OB_MotivationView.swift */,
				124C46412F56F65E00E4EA8B /* OB_SocialProofView.swift */,
				124C463D2F56F65E00E4EA8B /* OB_PainPointsView.swift */,
				124C46442F56F65E00E4EA8B /* OB_ValueScreenView.swift */,
				124C46342F56F65E00E4EA8B /* OB_AgeView.swift */,
				124C46362F56F65E00E4EA8B /* OB_IncomeView.swift */,
				124C46422F56F65E00E4EA8B /* OB_SpendingView.swift */,
				124C46382F56F65E00E4EA8B /* OB_InvestmentView.swift */,
				124C46392F56F65E00E4EA8B /* OB_LifestyleView.swift */,
				124C463A2F56F65E00E4EA8B /* OB_LoadingView.swift */,
				124C463F2F56F65E00E4EA8B /* OB_RoadmapView.swift */,
				124C463E2F56F65E00E4EA8B /* OB_PaywallView.swift */,
			);
			path = Views;
			sourceTree = "<group>";
		};
		124C46482F56F65E00E4EA8B /* Onboarding */ = {
			isa = PBXGroup;
			children = (
				124C46472F56F65E00E4EA8B /* OB_ContainerView.swift */,
				124C46462F56F65E00E4EA8B /* Views */,
				124C46332F56F65E00E4EA8B /* Components */,
			);
			path = Onboarding;
			sourceTree = "<group>";
		};
		12748F212F65CA5C00410D60 /* BudgetSetup */ = {
			isa = PBXGroup;
			children = (
				12748F222F65CA7300410D60 /* BudgetSetupViewModel.swift */,
				12748F242F65CCEE00410D60 /* BudgetSetupView.swift */,
				12748F2A2F65D00B00410D60 /* BS_ConfirmView.swift */,
				12748F2C2F66B21000410D60 /* BS_DiagnosisView.swift */,
				12748FE82F7276F100410D60 /* BS_ChoosePathView.swift */,
				12748FF02F72790000410D60 /* BS_SplitBudgetView.swift */,
				12748FF22F72790000410D61 /* BS_PlanSetView.swift */,
				12748F2E2F66B21000410D60 /* BS_LoadingView.swift */,
				12748F312F66B21000410D60 /* BS_AccountSelectionView.swift */,
				12748FEE2F7277AB00410D60 /* BS_TargetView.swift */,
			);
			path = BudgetSetup;
			sourceTree = "<group>";
		};
		1508998B2F30F60F003DDFBF = {
			isa = PBXGroup;
			children = (
				15E99F682F906CD6008E9FBA /* OLDDESIGN */,
				8E03E4A8398A47FD9CC3F0BF /* Config.xcconfig */,
				CDAA00032FA0000000000001 /* Helpers */,
				1571A1D72F3C2A2C0024A729 /* Services */,
				150899962F30F60F003DDFBF /* Meridian */,
				150899B02F30F611003DDFBF /* MeridianUITests */,
				150899A62F30F611003DDFBF /* MeridianTests */,
				15E21AA52F3248F500A9BB60 /* View */,
				15A115982F3246460085ED9B /* Models */,
				15FF6ED62F31031D0005F482 /* Components */,
				15FF6ED52F3102D50005F482 /* Style */,
				150899952F30F60F003DDFBF /* Products */,
			);
			sourceTree = "<group>";
		};
		150899952F30F60F003DDFBF /* Products */ = {
			isa = PBXGroup;
			children = (
				150899942F30F60F003DDFBF /* Meridian.app */,
				150899A32F30F611003DDFBF /* MeridianTests.xctest */,
				150899AD2F30F611003DDFBF /* MeridianUITests.xctest */,
			);
			name = Products;
			sourceTree = "<group>";
		};
		1571A1D72F3C2A2C0024A729 /* Services */ = {
			isa = PBXGroup;
			children = (
				F3D88B1E877C494CB82A4469 /* AppConfig.swift */,
				30135FBE8062413AB05D409B /* AppLinks.swift */,
				12123E442F48D7E20011B385 /* PlaidLinkPresenter.swift */,
				12123E352F4859CB0011B385 /* PlaidManager.swift */,
				12123E362F4859CB0011B385 /* SubscriptionManager.swift */,
				12748F1F2F65CA4000410D60 /* APIService+BudgetSetup.swift */,
				1571A1D62F3C2A2C0024A729 /* APIService.swift */,
				CDAA00062FA0000000000001 /* CashflowDetailBuilders.swift */,
				CDAA00082FA0000000000001 /* TabContentCache.swift */,
				CDAA00102FA0000000000005 /* AppDataPreloader.swift */,
				CDAA000A2FA0000000000001 /* InvestmentAllocationBuilder.swift */,
				CDAA000C2FA0000000000001 /* InvestmentHeroData.swift */,
				AAOB00112F38500000000001 /* OnboardingData.swift */,
				AA5B00042F38500000001004 /* SupabaseManager.swift */,
			);
			path = Services;
			sourceTree = "<group>";
		};
		15A115982F3246460085ED9B /* Models */ = {
			isa = PBXGroup;
			children = (
				CD11E0032F90000000000001 /* Account+API.swift */,
				12748F1D2F65CA1D00410D60 /* BudgetSetupModels.swift */,
				15A115972F3246460085ED9B /* mockdata.swift */,
				CD2604070000000000000001 /* HomeSetupState.swift */,
				CD2604070000000000000003 /* HomeHeroModel.swift */,
				CD2604070000000000000005 /* ActivePlanModel.swift */,
				CD2604070000000000000007 /* SimulatorPreviewModel.swift */,
				RPT000022FC000000000002 /* ReportModels.swift */,
				CD11E0052F90000000000001 /* CashflowDetailEmptyStates.swift */,
				CD11E0072F90000000000001 /* FIREAssumptions.swift */,
				1571A1D92F3C2A5B0024A729 /* OnboardingModels.swift */,
				CD11E0012F90000000000001 /* TransactionCategoryCatalog.swift */,
			);
			path = Models;
			sourceTree = "<group>";
		};
		15E21AA42F3248F500A9BB60 /* Home */ = {
			isa = PBXGroup;
			children = (
				F10000C12FB3000000000001 /* HomeRoadmapContent.swift */,
				F10000C32FB3000000000003 /* HomeNetWorthCard.swift */,
				SAV000042FC100000000004 /* NetWorthDetailView.swift */,
				F10000C52FB3000000000005 /* HomeSavingsRateCard.swift */,
				F10000C72FB3000000000007 /* HomeReportsEntryCard.swift */,
				153CA32B2F3562AC001ED98E /* SavingsTargetDetailView2.swift */,
				CF20A0102F70000100A9BB60 /* HomeExpandedOverlayView.swift */,
				CF30A0002F80000100A9BB60 /* HomeBottomSheet.swift */,
				PH0D000B2F4000000000000B /* HomeJourneyProgressStrip.swift */,
				PH0B00012F40000000000002 /* LegendItemView.swift */,
				15E21AB02F32548A00A9BB60 /* SimulatorView.swift */,
			);
			path = Home;
			sourceTree = "<group>";
		};
		15E21AA52F3248F500A9BB60 /* View */ = {
			isa = PBXGroup;
			children = (
				12748F212F65CA5C00410D60 /* BudgetSetup */,
				124C46482F56F65E00E4EA8B /* Onboarding */,
				RPT000052FC000000000005 /* Reports */,
				12123E3D2F485B920011B385 /* Settings */,
				12123E402F485B920011B385 /* Shared */,
				15E21AEC2F33C11A00A9BB60 /* MainTabView.swift */,
				15E21AEB2F33BE1900A9BB60 /* Investment */,
				15E21AE72F33BC5E00A9BB60 /* Cashflow */,
				15E21AA42F3248F500A9BB60 /* Home */,
			);
			path = View;
			sourceTree = "<group>";
		};
		15E21AE72F33BC5E00A9BB60 /* Cashflow */ = {
			isa = PBXGroup;
			children = (
				15E21AB22F3257B000A9BB60 /* CashflowView.swift */,
				CF10A0002F50000100A9BB60 /* CashflowSpendingOverviewPrototypeCard.swift */,
				CF10A0102F50000100A9BB60 /* CashflowExpandedOverlayView.swift */,
				15E21AF02F33C40000A9BB60 /* BudgetCard.swift */,
				AB10000A2F33C40100A9BB60 /* BudgetMonthSwitcherSheet.swift */,
				AB10000C2F33C40100A9BB60 /* BudgetEditChooserSheet.swift */,
				15E21AE22F33BBB600A9BB60 /* SavingsInputSheet.swift */,
				15E21AF72F34010000A9BB70 /* TransactionDetailSheet.swift */,
				15E21AF92F34020000A9BB73 /* TransactionRow.swift */,
				CDBB00012FA1000000000001 /* CashAccountsCard.swift */,
				CDBB00032FA1000000000001 /* CashAccountDetailView.swift */,
				CDSP00012FD0000000000001 /* SpendingAnalysisDetailView.swift */,
				CDSP00032FD0000000000003 /* TotalSpendingAnalysisDetailView.swift */,
			);
			path = Cashflow;
			sourceTree = "<group>";
		};
		15E21AEB2F33BE1900A9BB60 /* Investment */ = {
			isa = PBXGroup;
			children = (
				F10000012FB0000000000001 /* InvestmentDataStore.swift */,
				F10000A12FB1000000000001 /* PortfolioModels.swift */,
				F10000052FB0000000000001 /* InvestmentSheetContent.swift */,
				F10000032FB0000000000001 /* InvestmentExpandedOverlayView.swift */,
				15E21AF42F33F2BE00A9BB60 /* AssetAllocationCard.swift */,
				15E21B132F33F33000A9BB80 /* AssetAllocationDetailView.swift */,
				15E21AF22F33F2AD00A9BB60 /* AccountsCard.swift */,
				15E21B0F2F33F31000A9BB70 /* AccountDetailView.swift */,
				15E21AB62F3257C600A9BB60 /* InvestmentView.swift */,
			);
			path = Investment;
			sourceTree = "<group>";
		};
		15E99F682F906CD6008E9FBA /* OLDDESIGN */ = {
			isa = PBXGroup;
			children = (
				15E99F502F906CD6008E9FBA /* AppCard.swift */,
				15E99F512F906CD6008E9FBA /* BS_SpendingBreakdownView.swift */,
				15E99F522F906CD6008E9FBA /* BudgetPlanCard.swift */,
				15E99F532F906CD6008E9FBA /* ConnectAccountCTAView.swift */,
				15E99F542F906CD6008E9FBA /* DailyQuoteCard.swift */,
				15E99F552F906CD6008E9FBA /* FIRECountdownCard.swift */,
				15E99F562F906CD6008E9FBA /* FlameTogglePill.swift */,
				15E99F572F906CD6008E9FBA /* HeaderVisibilityPreferenceKey.swift */,
				15E99F582F906CD6008E9FBA /* IncomeCard.swift */,
				15E99F592F906CD6008E9FBA /* JourneyContainerView.swift */,
				15E99F5A2F906CD6008E9FBA /* JourneyTodoList.swift */,
				15E99F5B2F906CD6008E9FBA /* JourneyView.swift */,
				15E99F5C2F906CD6008E9FBA /* JourneyViewModel.swift */,
				15E99F5D2F906CD6008E9FBA /* MonthIndicator.swift */,
				15E99F5E2F906CD6008E9FBA /* NoDelayScrollView.swift */,
				15E99F5F2F906CD6008E9FBA /* OB_PersonalizeProgress.swift */,
				15E99F602F906CD6008E9FBA /* OB_SnapshotProgress.swift */,
				15E99F612F906CD6008E9FBA /* PlaidLinkRepresentable.swift */,
				15E99F622F906CD6008E9FBA /* PortfolioCard.swift */,
				15E99F632F906CD6008E9FBA /* PortfolioHoldingsSection.swift */,
				15E99F642F906CD6008E9FBA /* ProgressBar.swift */,
				15E99F652F906CD6008E9FBA /* SavingsRateCard.swift */,
				15E99F662F906CD6008E9FBA /* SmoothPath.swift */,
				15E99F672F906CD6008E9FBA /* TabBarVisibilityPreferenceKey.swift */,
				15E21AE02F33BB9200A9BB60 /* SavingsTargetCard.swift */,
				F10000C92FB3000000000009 /* SavingsInputSheet.swift */,
				F10000CA2FB300000000000A /* SavingsTargetDetailView2.swift */,
				15ABCD002F36A00000AABB01 /* IncomeDetailView.swift */,
				15E21AFB2F34030000A9BB75 /* AllTransactionsView.swift */,
				15ABCD022F36B00000AABB02 /* TotalIncomeDetailView.swift */,
			);
			path = OLDDESIGN;
			sourceTree = "<group>";
		};
		15FF6ED52F3102D50005F482 /* Style */ = {
			isa = PBXGroup;
			children = (
				15E21AAA2F324EFA00A9BB60 /* Spacing.swift */,
				15FF6ED72F31033C0005F482 /* Colors.swift */,
				15FF6ED82F3103F70005F482 /* Typography.swift */,
				D4B6BBC00A0F486AB485D850 /* Shadows.swift */,
			);
			path = Style;
			sourceTree = "<group>";
		};
		15FF6ED62F31031D0005F482 /* Components */ = {
			isa = PBXGroup;
			children = (
				152BE0832F67A66C00CACBBC /* GlassPillSelector.swift */,
				152BE0852F67A67000CACBBC /* ChartInteractionLayer.swift */,
				1504D2DF2F35A99D00FEE0E3 /* AppBackgroundView.swift */,
				153CA3192F34EDEC001ED98E /* TopHeaderBar.swift */,
				15E21AD82F3394B100A9BB60 /* FlameIcon.swift */,
				15E21AB82F3257D700A9BB60 /* GlassmorphicTabBar.swift */,
				A76DFA412FAB4ECEB53AA9BB /* LiquidGlassTabBar.swift */,
				15FF6ED92F31043F0005F482 /* GradientButton.swift */,
				EB0000022F9A00000000EB01 /* ErrorBanner.swift */,
				EB0000042F9A00000000EB02 /* EmptyStateView.swift */,
				EB0000062F9A00000000EB03 /* SuccessToast.swift */,
				EB0000082F9A00000000EB04 /* BankLogoView.swift */,
				EB00000A2F9A00000000EB05 /* TickerBadge.swift */,
				CDSP00052FE0000000000005 /* DetailSheetScaffold.swift */,
			);
			path = Components;
			sourceTree = "<group>";
		};
		CDAA00032FA0000000000001 /* Helpers */ = {
			isa = PBXGroup;
			children = (
				CDAA00012FA0000000000001 /* CategoryDisplayHelper.swift */,
				CDFM00012FB0000000000001 /* FIREMath.swift */,
				PH0C00022F40000000000003 /* NumberFormatter+App.swift */,
			);
			path = Helpers;
			sourceTree = "<group>";
		};
		RPT000052FC000000000005 /* Reports */ = {
			isa = PBXGroup;
			children = (
				RPT000042FC000000000004 /* ReportViews.swift */,
			);
			path = Reports;
			sourceTree = "<group>";
		};
/* End PBXGroup section */

/* Begin PBXNativeTarget section */
		150899932F30F60F003DDFBF /* Meridian */ = {
			isa = PBXNativeTarget;
			buildConfigurationList = 150899B72F30F611003DDFBF /* Build configuration list for PBXNativeTarget "Meridian" */;
			buildPhases = (
				150899902F30F60F003DDFBF /* Sources */,
				150899912F30F60F003DDFBF /* Frameworks */,
				150899922F30F60F003DDFBF /* Resources */,
			);
			buildRules = (
			);
			dependencies = (
			);
			fileSystemSynchronizedGroups = (
				150899962F30F60F003DDFBF /* Meridian */,
			);
			name = Meridian;
			packageProductDependencies = (
				AA5B00022F38500000001002 /* Supabase */,
				12123E2E2F4717FB0011B385 /* RevenueCat */,
				12123E302F4717FB0011B385 /* RevenueCatUI */,
				12123E332F4719A20011B385 /* LinkKit */,
			);
			productName = Meridian;
			productReference = 150899942F30F60F003DDFBF /* Meridian.app */;
			productType = "com.apple.product-type.application";
		};
		150899A22F30F611003DDFBF /* MeridianTests */ = {
			isa = PBXNativeTarget;
			buildConfigurationList = 150899BA2F30F611003DDFBF /* Build configuration list for PBXNativeTarget "MeridianTests" */;
			buildPhases = (
				1508999F2F30F611003DDFBF /* Sources */,
				150899A02F30F611003DDFBF /* Frameworks */,
				150899A12F30F611003DDFBF /* Resources */,
			);
			buildRules = (
			);
			dependencies = (
				150899A52F30F611003DDFBF /* PBXTargetDependency */,
			);
			fileSystemSynchronizedGroups = (
				150899A62F30F611003DDFBF /* MeridianTests */,
			);
			name = MeridianTests;
			packageProductDependencies = (
			);
			productName = MeridianTests;
			productReference = 150899A32F30F611003DDFBF /* MeridianTests.xctest */;
			productType = "com.apple.product-type.bundle.unit-test";
		};
		150899AC2F30F611003DDFBF /* MeridianUITests */ = {
			isa = PBXNativeTarget;
			buildConfigurationList = 150899BD2F30F611003DDFBF /* Build configuration list for PBXNativeTarget "MeridianUITests" */;
			buildPhases = (
				150899A92F30F611003DDFBF /* Sources */,
				150899AA2F30F611003DDFBF /* Frameworks */,
				150899AB2F30F611003DDFBF /* Resources */,
			);
			buildRules = (
			);
			dependencies = (
				150899AF2F30F611003DDFBF /* PBXTargetDependency */,
			);
			fileSystemSynchronizedGroups = (
				150899B02F30F611003DDFBF /* MeridianUITests */,
			);
			name = MeridianUITests;
			packageProductDependencies = (
			);
			productName = MeridianUITests;
			productReference = 150899AD2F30F611003DDFBF /* MeridianUITests.xctest */;
			productType = "com.apple.product-type.bundle.ui-testing";
		};
/* End PBXNativeTarget section */

/* Begin PBXProject section */
		1508998C2F30F60F003DDFBF /* Project object */ = {
			isa = PBXProject;
			attributes = {
				BuildIndependentTargetsInParallel = 1;
				LastSwiftUpdateCheck = 2620;
				LastUpgradeCheck = 2620;
				TargetAttributes = {
					150899932F30F60F003DDFBF = {
						CreatedOnToolsVersion = 26.2;
					};
					150899A22F30F611003DDFBF = {
						CreatedOnToolsVersion = 26.2;
						TestTargetID = 150899932F30F60F003DDFBF;
					};
					150899AC2F30F611003DDFBF = {
						CreatedOnToolsVersion = 26.2;
						TestTargetID = 150899932F30F60F003DDFBF;
					};
				};
			};
			buildConfigurationList = 1508998F2F30F60F003DDFBF /* Build configuration list for PBXProject "Meridian" */;
			developmentRegion = en;
			hasScannedForEncodings = 0;
			knownRegions = (
				en,
				Base,
			);
			mainGroup = 1508998B2F30F60F003DDFBF;
			minimizedProjectReferenceProxies = 1;
			packageReferences = (
				AA5B00012F38500000001001 /* XCRemoteSwiftPackageReference "supabase-swift" */,
				12123E2D2F4717FB0011B385 /* XCRemoteSwiftPackageReference "purchases-ios" */,
				12123E322F4719A20011B385 /* XCRemoteSwiftPackageReference "plaid-link-ios" */,
			);
			preferredProjectObjectVersion = 77;
			productRefGroup = 150899952F30F60F003DDFBF /* Products */;
			projectDirPath = "";
			projectRoot = "";
			targets = (
				150899932F30F60F003DDFBF /* Meridian */,
				150899A22F30F611003DDFBF /* MeridianTests */,
				150899AC2F30F611003DDFBF /* MeridianUITests */,
			);
		};
/* End PBXProject section */

/* Begin PBXResourcesBuildPhase section */
		150899922F30F60F003DDFBF /* Resources */ = {
			isa = PBXResourcesBuildPhase;
			buildActionMask = 2147483647;
			files = (
			);
			runOnlyForDeploymentPostprocessing = 0;
		};
		150899A12F30F611003DDFBF /* Resources */ = {
			isa = PBXResourcesBuildPhase;
			buildActionMask = 2147483647;
			files = (
			);
			runOnlyForDeploymentPostprocessing = 0;
		};
		150899AB2F30F611003DDFBF /* Resources */ = {
			isa = PBXResourcesBuildPhase;
			buildActionMask = 2147483647;
			files = (
			);
			runOnlyForDeploymentPostprocessing = 0;
		};
/* End PBXResourcesBuildPhase section */

/* Begin PBXSourcesBuildPhase section */
		150899902F30F60F003DDFBF /* Sources */ = {
			isa = PBXSourcesBuildPhase;
			buildActionMask = 2147483647;
			files = (
				15E21AF12F33C40000A9BB60 /* BudgetCard.swift in Sources */,
				AB10000B2F33C40100A9BB60 /* BudgetMonthSwitcherSheet.swift in Sources */,
				AB10000D2F33C40100A9BB60 /* BudgetEditChooserSheet.swift in Sources */,
				12748F1E2F65CA1D00410D60 /* BudgetSetupModels.swift in Sources */,
				CD2604070000000000000002 /* HomeSetupState.swift in Sources */,
				CD2604070000000000000004 /* HomeHeroModel.swift in Sources */,
				CD2604070000000000000006 /* ActivePlanModel.swift in Sources */,
				CD2604070000000000000008 /* SimulatorPreviewModel.swift in Sources */,
				15FF6EDB2F3109F40005F482 /* Colors.swift in Sources */,
				12123E372F4859CB0011B385 /* PlaidManager.swift in Sources */,
				12123E382F4859CB0011B385 /* SubscriptionManager.swift in Sources */,
				15E21AB72F3257C600A9BB60 /* InvestmentView.swift in Sources */,
				RPT000012FC000000000001 /* ReportModels.swift in Sources */,
				152BE0842F67A66C00CACBBC /* GlassPillSelector.swift in Sources */,
				EB0000012F9A00000000EB01 /* ErrorBanner.swift in Sources */,
				EB0000032F9A00000000EB02 /* EmptyStateView.swift in Sources */,
				EB0000052F9A00000000EB03 /* SuccessToast.swift in Sources */,
				EB0000072F9A00000000EB04 /* BankLogoView.swift in Sources */,
				EB0000092F9A00000000EB05 /* TickerBadge.swift in Sources */,
				CDSP00062FE0000000000006 /* DetailSheetScaffold.swift in Sources */,
				152BE0862F67A67000CACBBC /* ChartInteractionLayer.swift in Sources */,
				15E21AED2F33C11A00A9BB60 /* MainTabView.swift in Sources */,
				15FF6EDA2F31096B0005F482 /* GradientButton.swift in Sources */,
				1571A1D82F3C2A2C0024A729 /* APIService.swift in Sources */,
				CDAA00072FA0000000000001 /* CashflowDetailBuilders.swift in Sources */,
				CDAA00092FA0000000000001 /* TabContentCache.swift in Sources */,
				CDAA00112FA0000000000005 /* AppDataPreloader.swift in Sources */,
				CDAA000B2FA0000000000001 /* InvestmentAllocationBuilder.swift in Sources */,
				CDAA000D2FA0000000000001 /* InvestmentHeroData.swift in Sources */,
				12748F252F65CCEE00410D60 /* BudgetSetupView.swift in Sources */,
				15FF6EE02F310A040005F482 /* Typography.swift in Sources */,
				RPT000032FC000000000003 /* ReportViews.swift in Sources */,
				SAV000012FC100000000001 /* SavingsTrackingUI.swift in Sources */,
				F10000C22FB3000000000002 /* HomeRoadmapContent.swift in Sources */,
				F10000C42FB3000000000004 /* HomeNetWorthCard.swift in Sources */,
				SAV000032FC100000000003 /* NetWorthDetailView.swift in Sources */,
				F10000C62FB3000000000006 /* HomeSavingsRateCard.swift in Sources */,
				F10000C82FB3000000000008 /* HomeReportsEntryCard.swift in Sources */,
				PH0B00022F40000000000002 /* LegendItemView.swift in Sources */,
				1504D2E02F35A99D00FEE0E3 /* AppBackgroundView.swift in Sources */,
				PH0D000A2F4000000000000A /* HomeJourneyProgressStrip.swift in Sources */,
				CF20A0112F70000100A9BB60 /* HomeExpandedOverlayView.swift in Sources */,
				CF30A0012F80000100A9BB60 /* HomeBottomSheet.swift in Sources */,
				15E21AB12F32548A00A9BB60 /* SimulatorView.swift in Sources */,
				15E21AE32F33BBB600A9BB60 /* SavingsInputSheet.swift in Sources */,
				15E21AF82F34010000A9BB71 /* TransactionDetailSheet.swift in Sources */,
				15E21AFA2F34020000A9BB72 /* TransactionRow.swift in Sources */,
				15E21AFC2F34030000A9BB74 /* AllTransactionsView.swift in Sources */,
				CDBB00022FA1000000000001 /* CashAccountsCard.swift in Sources */,
				CDBB00042FA1000000000001 /* CashAccountDetailView.swift in Sources */,
				153CA31A2F34EDEC001ED98E /* TopHeaderBar.swift in Sources */,
				15E21AAB2F324EFA00A9BB60 /* Spacing.swift in Sources */,
				1EB2D5B3CC5D45E3A2CC9B26 /* Shadows.swift in Sources */,
				15E21AB92F3257D700A9BB60 /* GlassmorphicTabBar.swift in Sources */,
				EABDEF89FBE940EB9923E4BD /* LiquidGlassTabBar.swift in Sources */,
				12748F2B2F65D00B00410D60 /* BS_ConfirmView.swift in Sources */,
				12748F2D2F66B21000410D60 /* BS_DiagnosisView.swift in Sources */,
				12748F2F2F66B21000410D60 /* BS_LoadingView.swift in Sources */,
				12748F302F66B21000410D60 /* BS_AccountSelectionView.swift in Sources */,
				15A115992F3246460085ED9B /* mockdata.swift in Sources */,
				CD11E0022F90000000000001 /* TransactionCategoryCatalog.swift in Sources */,
				CD11E0042F90000000000001 /* Account+API.swift in Sources */,
				CD11E0062F90000000000001 /* CashflowDetailEmptyStates.swift in Sources */,
				CDSP00022FD0000000000002 /* SpendingAnalysisDetailView.swift in Sources */,
				CDSP00042FD0000000000004 /* TotalSpendingAnalysisDetailView.swift in Sources */,
				CD11E0082F90000000000001 /* FIREAssumptions.swift in Sources */,
				15E21AF52F33F2BE00A9BB60 /* AssetAllocationCard.swift in Sources */,
				15E21B142F33F33000A9BB80 /* AssetAllocationDetailView.swift in Sources */,
				15E21AF32F33F2AD00A9BB60 /* AccountsCard.swift in Sources */,
				F10000022FB0000000000001 /* InvestmentDataStore.swift in Sources */,
				F10000A22FB1000000000001 /* PortfolioModels.swift in Sources */,
				F10000062FB0000000000001 /* InvestmentSheetContent.swift in Sources */,
				F10000042FB0000000000001 /* InvestmentExpandedOverlayView.swift in Sources */,
				F10000082FB0000000000001 /* SheetPrimaryCTAButton.swift in Sources */,
				15E21B102F33F31000A9BB70 /* AccountDetailView.swift in Sources */,
				153CA32C2F3562AC001ED98E /* SavingsTargetDetailView2.swift in Sources */,
				15ABCD012F36A00000AABB01 /* IncomeDetailView.swift in Sources */,
				15ABCD032F36B00000AABB02 /* TotalIncomeDetailView.swift in Sources */,
				1571A1DA2F3C2A5B0024A729 /* OnboardingModels.swift in Sources */,
				15E21AD92F3394B100A9BB60 /* FlameIcon.swift in Sources */,
				15E21AB32F3257B000A9BB60 /* CashflowView.swift in Sources */,
				CF10A0012F50000100A9BB60 /* CashflowSpendingOverviewPrototypeCard.swift in Sources */,
				CF10A0112F50000100A9BB60 /* CashflowExpandedOverlayView.swift in Sources */,
				12123E422F485B920011B385 /* PaywallScreen.swift in Sources */,
				12123E432F485B920011B385 /* SettingsView.swift in Sources */,
				12748F232F65CA7300410D60 /* BudgetSetupViewModel.swift in Sources */,
				AAOB00012F38500000000001 /* OnboardingData.swift in Sources */,
				CDAA00022FA0000000000001 /* CategoryDisplayHelper.swift in Sources */,
				CDFM00022FB0000000000001 /* FIREMath.swift in Sources */,
				PH0C00032F40000000000003 /* NumberFormatter+App.swift in Sources */,
				12123E452F48D7E20011B385 /* PlaidLinkPresenter.swift in Sources */,
				124C46492F56F65E00E4EA8B /* OB_IntroView.swift in Sources */,
				124C464A2F56F65E00E4EA8B /* OB_MotivationView.swift in Sources */,
				124C464C2F56F65E00E4EA8B /* OB_MicroInsightCard.swift in Sources */,
				124C464D2F56F65E00E4EA8B /* OB_LoadingView.swift in Sources */,
				124C464F2F56F65E00E4EA8B /* OB_SpendingView.swift in Sources */,
				124C46502F56F65E00E4EA8B /* OB_SplashView.swift in Sources */,
				124C46522F56F65E00E4EA8B /* OB_WelcomeView.swift in Sources */,
				124C46532F56F65E00E4EA8B /* OB_InvestmentView.swift in Sources */,
				124C46542F56F65E00E4EA8B /* OB_RoadmapView.swift in Sources */,
				124C46552F56F65E00E4EA8B /* OB_LifestyleView.swift in Sources */,
				124C46562F56F65E00E4EA8B /* OB_IncomeView.swift in Sources */,
				124C46572F56F65E00E4EA8B /* OB_ValueScreenView.swift in Sources */,
				1508AF372F5D1A2600D59781 /* OB_BarChartView.swift in Sources */,
				124C46582F56F65E00E4EA8B /* OB_PainPointsView.swift in Sources */,
				124C46592F56F65E00E4EA8B /* OB_AgeView.swift in Sources */,
				124C465A2F56F65E00E4EA8B /* OB_NameView.swift in Sources */,
				124C465B2F56F65E00E4EA8B /* OB_SocialProofView.swift in Sources */,
				152C19792F5D3C2C007E68AA /* OB_EditableAmountDisplay.swift in Sources */,
				124C465C2F56F65E00E4EA8B /* OB_PaywallView.swift in Sources */,
				124C465E2F56F65E00E4EA8B /* OB_ContainerView.swift in Sources */,
				124C465F2F56F65E00E4EA8B /* OB_SignInView.swift in Sources */,
				12748FE92F7276F100410D60 /* BS_ChoosePathView.swift in Sources */,
				12748FEF2F7277AB00410D60 /* BS_TargetView.swift in Sources */,
				12748FF12F72790000410D60 /* BS_SplitBudgetView.swift in Sources */,
				12748FF32F72790000410D61 /* BS_PlanSetView.swift in Sources */,
				124C46612F56F65E00E4EA8B /* OB_PrimaryButton.swift in Sources */,
				12748F202F65CA4000410D60 /* APIService+BudgetSetup.swift in Sources */,
				124C46632F56F65E00E4EA8B /* OB_BackButton.swift in Sources */,
				124C46642F56F65E00E4EA8B /* OB_OnboardingHeader.swift in Sources */,
				AA5B00052F38500000001005 /* SupabaseManager.swift in Sources */,
				C0827AD0E7B54B73916CC9E1 /* AppConfig.swift in Sources */,
				CAA9B02EF31C4C8B934DA729 /* AppLinks.swift in Sources */,
				01996F15BE524BD0BE81E3B6 /* SafariView.swift in Sources */,
				18177349D8754A42810808DD /* PlaidTrustBridgeView.swift in Sources */,
			);
			runOnlyForDeploymentPostprocessing = 0;
		};
		1508999F2F30F611003DDFBF /* Sources */ = {
			isa = PBXSourcesBuildPhase;
			buildActionMask = 2147483647;
			files = (
			);
			runOnlyForDeploymentPostprocessing = 0;
		};
		150899A92F30F611003DDFBF /* Sources */ = {
			isa = PBXSourcesBuildPhase;
			buildActionMask = 2147483647;
			files = (
			);
			runOnlyForDeploymentPostprocessing = 0;
		};
/* End PBXSourcesBuildPhase section */

/* Begin PBXTargetDependency section */
		150899A52F30F611003DDFBF /* PBXTargetDependency */ = {
			isa = PBXTargetDependency;
			target = 150899932F30F60F003DDFBF /* Meridian */;
			targetProxy = 150899A42F30F611003DDFBF /* PBXContainerItemProxy */;
		};
		150899AF2F30F611003DDFBF /* PBXTargetDependency */ = {
			isa = PBXTargetDependency;
			target = 150899932F30F60F003DDFBF /* Meridian */;
			targetProxy = 150899AE2F30F611003DDFBF /* PBXContainerItemProxy */;
		};
/* End PBXTargetDependency section */

/* Begin XCBuildConfiguration section */
		150899B52F30F611003DDFBF /* Debug */ = {
			isa = XCBuildConfiguration;
			buildSettings = {
				ALWAYS_SEARCH_USER_PATHS = NO;
				ASSETCATALOG_COMPILER_GENERATE_SWIFT_ASSET_SYMBOL_EXTENSIONS = YES;
				CLANG_ANALYZER_NONNULL = YES;
				CLANG_ANALYZER_NUMBER_OBJECT_CONVERSION = YES_AGGRESSIVE;
				CLANG_CXX_LANGUAGE_STANDARD = "gnu++20";
				CLANG_ENABLE_MODULES = YES;
				CLANG_ENABLE_OBJC_ARC = YES;
				CLANG_ENABLE_OBJC_WEAK = YES;
				CLANG_WARN_BLOCK_CAPTURE_AUTORELEASING = YES;
				CLANG_WARN_BOOL_CONVERSION = YES;
				CLANG_WARN_COMMA = YES;
				CLANG_WARN_CONSTANT_CONVERSION = YES;
				CLANG_WARN_DEPRECATED_OBJC_IMPLEMENTATIONS = YES;
				CLANG_WARN_DIRECT_OBJC_ISA_USAGE = YES_ERROR;
				CLANG_WARN_DOCUMENTATION_COMMENTS = YES;
				CLANG_WARN_EMPTY_BODY = YES;
				CLANG_WARN_ENUM_CONVERSION = YES;
				CLANG_WARN_INFINITE_RECURSION = YES;
				CLANG_WARN_INT_CONVERSION = YES;
				CLANG_WARN_NON_LITERAL_NULL_CONVERSION = YES;
				CLANG_WARN_OBJC_IMPLICIT_RETAIN_SELF = YES;
				CLANG_WARN_OBJC_LITERAL_CONVERSION = YES;
				CLANG_WARN_OBJC_ROOT_CLASS = YES_ERROR;
				CLANG_WARN_QUOTED_INCLUDE_IN_FRAMEWORK_HEADER = YES;
				CLANG_WARN_RANGE_LOOP_ANALYSIS = YES;
				CLANG_WARN_STRICT_PROTOTYPES = YES;
				CLANG_WARN_SUSPICIOUS_MOVE = YES;
				CLANG_WARN_UNGUARDED_AVAILABILITY = YES_AGGRESSIVE;
				CLANG_WARN_UNREACHABLE_CODE = YES;
				CLANG_WARN__DUPLICATE_METHOD_MATCH = YES;
				COPY_PHASE_STRIP = NO;
				DEBUG_INFORMATION_FORMAT = dwarf;
				ENABLE_STRICT_OBJC_MSGSEND = YES;
				ENABLE_TESTABILITY = YES;
				ENABLE_USER_SCRIPT_SANDBOXING = YES;
				GCC_C_LANGUAGE_STANDARD = gnu17;
				GCC_DYNAMIC_NO_PIC = NO;
				GCC_NO_COMMON_BLOCKS = YES;
				GCC_OPTIMIZATION_LEVEL = 0;
				GCC_PREPROCESSOR_DEFINITIONS = (
					"DEBUG=1",
					"$(inherited)",
				);
				GCC_WARN_64_TO_32_BIT_CONVERSION = YES;
				GCC_WARN_ABOUT_RETURN_TYPE = YES_ERROR;
				GCC_WARN_UNDECLARED_SELECTOR = YES;
				GCC_WARN_UNINITIALIZED_AUTOS = YES_AGGRESSIVE;
				GCC_WARN_UNUSED_FUNCTION = YES;
				GCC_WARN_UNUSED_VARIABLE = YES;
				IPHONEOS_DEPLOYMENT_TARGET = 26.2;
				LOCALIZATION_PREFERS_STRING_CATALOGS = YES;
				MTL_ENABLE_DEBUG_INFO = INCLUDE_SOURCE;
				MTL_FAST_MATH = YES;
				ONLY_ACTIVE_ARCH = YES;
				SDKROOT = iphoneos;
				STRING_CATALOG_GENERATE_SYMBOLS = YES;
				SWIFT_ACTIVE_COMPILATION_CONDITIONS = "DEBUG $(inherited)";
				SWIFT_OPTIMIZATION_LEVEL = "-Onone";
			};
			name = Debug;
		};
		150899B62F30F611003DDFBF /* Release */ = {
			isa = XCBuildConfiguration;
			buildSettings = {
				ALWAYS_SEARCH_USER_PATHS = NO;
				ASSETCATALOG_COMPILER_GENERATE_SWIFT_ASSET_SYMBOL_EXTENSIONS = YES;
				CLANG_ANALYZER_NONNULL = YES;
				CLANG_ANALYZER_NUMBER_OBJECT_CONVERSION = YES_AGGRESSIVE;
				CLANG_CXX_LANGUAGE_STANDARD = "gnu++20";
				CLANG_ENABLE_MODULES = YES;
				CLANG_ENABLE_OBJC_ARC = YES;
				CLANG_ENABLE_OBJC_WEAK = YES;
				CLANG_WARN_BLOCK_CAPTURE_AUTORELEASING = YES;
				CLANG_WARN_BOOL_CONVERSION = YES;
				CLANG_WARN_COMMA = YES;
				CLANG_WARN_CONSTANT_CONVERSION = YES;
				CLANG_WARN_DEPRECATED_OBJC_IMPLEMENTATIONS = YES;
				CLANG_WARN_DIRECT_OBJC_ISA_USAGE = YES_ERROR;
				CLANG_WARN_DOCUMENTATION_COMMENTS = YES;
				CLANG_WARN_EMPTY_BODY = YES;
				CLANG_WARN_ENUM_CONVERSION = YES;
				CLANG_WARN_INFINITE_RECURSION = YES;
				CLANG_WARN_INT_CONVERSION = YES;
				CLANG_WARN_NON_LITERAL_NULL_CONVERSION = YES;
				CLANG_WARN_OBJC_IMPLICIT_RETAIN_SELF = YES;
				CLANG_WARN_OBJC_LITERAL_CONVERSION = YES;
				CLANG_WARN_OBJC_ROOT_CLASS = YES_ERROR;
				CLANG_WARN_QUOTED_INCLUDE_IN_FRAMEWORK_HEADER = YES;
				CLANG_WARN_RANGE_LOOP_ANALYSIS = YES;
				CLANG_WARN_STRICT_PROTOTYPES = YES;
				CLANG_WARN_SUSPICIOUS_MOVE = YES;
				CLANG_WARN_UNGUARDED_AVAILABILITY = YES_AGGRESSIVE;
				CLANG_WARN_UNREACHABLE_CODE = YES;
				CLANG_WARN__DUPLICATE_METHOD_MATCH = YES;
				COPY_PHASE_STRIP = NO;
				DEBUG_INFORMATION_FORMAT = "dwarf-with-dsym";
				ENABLE_NS_ASSERTIONS = NO;
				ENABLE_STRICT_OBJC_MSGSEND = YES;
				ENABLE_USER_SCRIPT_SANDBOXING = YES;
				GCC_C_LANGUAGE_STANDARD = gnu17;
				GCC_NO_COMMON_BLOCKS = YES;
				GCC_WARN_64_TO_32_BIT_CONVERSION = YES;
				GCC_WARN_ABOUT_RETURN_TYPE = YES_ERROR;
				GCC_WARN_UNDECLARED_SELECTOR = YES;
				GCC_WARN_UNINITIALIZED_AUTOS = YES_AGGRESSIVE;
				GCC_WARN_UNUSED_FUNCTION = YES;
				GCC_WARN_UNUSED_VARIABLE = YES;
				IPHONEOS_DEPLOYMENT_TARGET = 26.2;
				LOCALIZATION_PREFERS_STRING_CATALOGS = YES;
				MTL_ENABLE_DEBUG_INFO = NO;
				MTL_FAST_MATH = YES;
				SDKROOT = iphoneos;
				STRING_CATALOG_GENERATE_SYMBOLS = YES;
				SWIFT_COMPILATION_MODE = wholemodule;
				VALIDATE_PRODUCT = YES;
			};
			name = Release;
		};
		150899B82F30F611003DDFBF /* Debug */ = {
			isa = XCBuildConfiguration;
			baseConfigurationReference = 8E03E4A8398A47FD9CC3F0BF /* Config.xcconfig */;
			buildSettings = {
				ASSETCATALOG_COMPILER_APPICON_NAME = AppIcon;
				ASSETCATALOG_COMPILER_GLOBAL_ACCENT_COLOR_NAME = AccentColor;
				CODE_SIGN_STYLE = Automatic;
				CURRENT_PROJECT_VERSION = 1;
				DEVELOPMENT_TEAM = SKDUW38P9T;
				ENABLE_PREVIEWS = YES;
				GENERATE_INFOPLIST_FILE = YES;
				INFOPLIST_FILE = "Flamora-App-Info.plist";
				INFOPLIST_KEY_CFBundleDisplayName = Meridian;
				INFOPLIST_KEY_ITSAppUsesNonExemptEncryption = NO;
				INFOPLIST_KEY_UIApplicationSceneManifest_Generation = YES;
				INFOPLIST_KEY_UIApplicationSupportsIndirectInputEvents = YES;
				INFOPLIST_KEY_UILaunchScreen_Generation = YES;
				INFOPLIST_KEY_UISupportedInterfaceOrientations_iPad = "UIInterfaceOrientationPortrait UIInterfaceOrientationPortraitUpsideDown UIInterfaceOrientationLandscapeLeft UIInterfaceOrientationLandscapeRight";
				INFOPLIST_KEY_UISupportedInterfaceOrientations_iPhone = "UIInterfaceOrientationPortrait UIInterfaceOrientationLandscapeLeft UIInterfaceOrientationLandscapeRight";
				IPHONEOS_DEPLOYMENT_TARGET = 26.0;
				LD_RUNPATH_SEARCH_PATHS = (
					"$(inherited)",
					"@executable_path/Frameworks",
				);
				MARKETING_VERSION = 1.0;
				PRODUCT_BUNDLE_IDENTIFIER = com.enxilin.meridian;
				PRODUCT_NAME = "$(TARGET_NAME)";
				STRING_CATALOG_GENERATE_SYMBOLS = YES;
				SWIFT_APPROACHABLE_CONCURRENCY = YES;
				SWIFT_DEFAULT_ACTOR_ISOLATION = MainActor;
				SWIFT_EMIT_LOC_STRINGS = YES;
				SWIFT_UPCOMING_FEATURE_MEMBER_IMPORT_VISIBILITY = YES;
				SWIFT_VERSION = 5.0;
				TARGETED_DEVICE_FAMILY = "1,2";
			};
			name = Debug;
		};
		150899B92F30F611003DDFBF /* Release */ = {
			isa = XCBuildConfiguration;
			baseConfigurationReference = 8E03E4A8398A47FD9CC3F0BF /* Config.xcconfig */;
			buildSettings = {
				ASSETCATALOG_COMPILER_APPICON_NAME = AppIcon;
				ASSETCATALOG_COMPILER_GLOBAL_ACCENT_COLOR_NAME = AccentColor;
				CODE_SIGN_STYLE = Automatic;
				CURRENT_PROJECT_VERSION = 1;
				DEVELOPMENT_TEAM = SKDUW38P9T;
				ENABLE_PREVIEWS = YES;
				GENERATE_INFOPLIST_FILE = YES;
				INFOPLIST_FILE = "Flamora-App-Info.plist";
				INFOPLIST_KEY_CFBundleDisplayName = Meridian;
				INFOPLIST_KEY_ITSAppUsesNonExemptEncryption = NO;
				INFOPLIST_KEY_UIApplicationSceneManifest_Generation = YES;
				INFOPLIST_KEY_UIApplicationSupportsIndirectInputEvents = YES;
				INFOPLIST_KEY_UILaunchScreen_Generation = YES;
				INFOPLIST_KEY_UISupportedInterfaceOrientations_iPad = "UIInterfaceOrientationPortrait UIInterfaceOrientationPortraitUpsideDown UIInterfaceOrientationLandscapeLeft UIInterfaceOrientationLandscapeRight";
				INFOPLIST_KEY_UISupportedInterfaceOrientations_iPhone = "UIInterfaceOrientationPortrait UIInterfaceOrientationLandscapeLeft UIInterfaceOrientationLandscapeRight";
				IPHONEOS_DEPLOYMENT_TARGET = 26.0;
				LD_RUNPATH_SEARCH_PATHS = (
					"$(inherited)",
					"@executable_path/Frameworks",
				);
				MARKETING_VERSION = 1.0;
				PRODUCT_BUNDLE_IDENTIFIER = com.meridian.app;
				PRODUCT_NAME = "$(TARGET_NAME)";
				STRING_CATALOG_GENERATE_SYMBOLS = YES;
				SWIFT_APPROACHABLE_CONCURRENCY = YES;
				SWIFT_DEFAULT_ACTOR_ISOLATION = MainActor;
				SWIFT_EMIT_LOC_STRINGS = YES;
				SWIFT_UPCOMING_FEATURE_MEMBER_IMPORT_VISIBILITY = YES;
				SWIFT_VERSION = 5.0;
				TARGETED_DEVICE_FAMILY = "1,2";
			};
			name = Release;
		};
		150899BB2F30F611003DDFBF /* Debug */ = {
			isa = XCBuildConfiguration;
			buildSettings = {
				BUNDLE_LOADER = "$(TEST_HOST)";
				CODE_SIGN_STYLE = Automatic;
				CURRENT_PROJECT_VERSION = 1;
				GENERATE_INFOPLIST_FILE = YES;
				IPHONEOS_DEPLOYMENT_TARGET = 26.2;
				MARKETING_VERSION = 1.0;
				PRODUCT_BUNDLE_IDENTIFIER = com.meridian.appTests;
				PRODUCT_NAME = "$(TARGET_NAME)";
				STRING_CATALOG_GENERATE_SYMBOLS = NO;
				SWIFT_APPROACHABLE_CONCURRENCY = YES;
				SWIFT_EMIT_LOC_STRINGS = NO;
				SWIFT_UPCOMING_FEATURE_MEMBER_IMPORT_VISIBILITY = YES;
				SWIFT_VERSION = 5.0;
				TARGETED_DEVICE_FAMILY = "1,2";
				TEST_HOST = "$(BUILT_PRODUCTS_DIR)/Meridian.app/$(BUNDLE_EXECUTABLE_FOLDER_PATH)/Meridian";
			};
			name = Debug;
		};
		150899BC2F30F611003DDFBF /* Release */ = {
			isa = XCBuildConfiguration;
			buildSettings = {
				BUNDLE_LOADER = "$(TEST_HOST)";
				CODE_SIGN_STYLE = Automatic;
				CURRENT_PROJECT_VERSION = 1;
				GENERATE_INFOPLIST_FILE = YES;
				IPHONEOS_DEPLOYMENT_TARGET = 26.2;
				MARKETING_VERSION = 1.0;
				PRODUCT_BUNDLE_IDENTIFIER = com.meridian.appTests;
				PRODUCT_NAME = "$(TARGET_NAME)";
				STRING_CATALOG_GENERATE_SYMBOLS = NO;
				SWIFT_APPROACHABLE_CONCURRENCY = YES;
				SWIFT_EMIT_LOC_STRINGS = NO;
				SWIFT_UPCOMING_FEATURE_MEMBER_IMPORT_VISIBILITY = YES;
				SWIFT_VERSION = 5.0;
				TARGETED_DEVICE_FAMILY = "1,2";
				TEST_HOST = "$(BUILT_PRODUCTS_DIR)/Meridian.app/$(BUNDLE_EXECUTABLE_FOLDER_PATH)/Meridian";
			};
			name = Release;
		};
		150899BE2F30F611003DDFBF /* Debug */ = {
			isa = XCBuildConfiguration;
			buildSettings = {
				CODE_SIGN_STYLE = Automatic;
				CURRENT_PROJECT_VERSION = 1;
				GENERATE_INFOPLIST_FILE = YES;
				MARKETING_VERSION = 1.0;
				PRODUCT_BUNDLE_IDENTIFIER = com.meridian.appUITests;
				PRODUCT_NAME = "$(TARGET_NAME)";
				STRING_CATALOG_GENERATE_SYMBOLS = NO;
				SWIFT_APPROACHABLE_CONCURRENCY = YES;
				SWIFT_EMIT_LOC_STRINGS = NO;
				SWIFT_UPCOMING_FEATURE_MEMBER_IMPORT_VISIBILITY = YES;
				SWIFT_VERSION = 5.0;
				TARGETED_DEVICE_FAMILY = "1,2";
				TEST_TARGET_NAME = Meridian;
			};
			name = Debug;
		};
		150899BF2F30F611003DDFBF /* Release */ = {
			isa = XCBuildConfiguration;
			buildSettings = {
				CODE_SIGN_STYLE = Automatic;
				CURRENT_PROJECT_VERSION = 1;
				GENERATE_INFOPLIST_FILE = YES;
				MARKETING_VERSION = 1.0;
				PRODUCT_BUNDLE_IDENTIFIER = com.meridian.appUITests;
				PRODUCT_NAME = "$(TARGET_NAME)";
				STRING_CATALOG_GENERATE_SYMBOLS = NO;
				SWIFT_APPROACHABLE_CONCURRENCY = YES;
				SWIFT_EMIT_LOC_STRINGS = NO;
				SWIFT_UPCOMING_FEATURE_MEMBER_IMPORT_VISIBILITY = YES;
				SWIFT_VERSION = 5.0;
				TARGETED_DEVICE_FAMILY = "1,2";
				TEST_TARGET_NAME = Meridian;
			};
			name = Release;
		};
/* End XCBuildConfiguration section */

/* Begin XCConfigurationList section */
		1508998F2F30F60F003DDFBF /* Build configuration list for PBXProject "Meridian" */ = {
			isa = XCConfigurationList;
			buildConfigurations = (
				150899B52F30F611003DDFBF /* Debug */,
				150899B62F30F611003DDFBF /* Release */,
			);
			defaultConfigurationIsVisible = 0;
			defaultConfigurationName = Release;
		};
		150899B72F30F611003DDFBF /* Build configuration list for PBXNativeTarget "Meridian" */ = {
			isa = XCConfigurationList;
			buildConfigurations = (
				150899B82F30F611003DDFBF /* Debug */,
				150899B92F30F611003DDFBF /* Release */,
			);
			defaultConfigurationIsVisible = 0;
			defaultConfigurationName = Release;
		};
		150899BA2F30F611003DDFBF /* Build configuration list for PBXNativeTarget "MeridianTests" */ = {
			isa = XCConfigurationList;
			buildConfigurations = (
				150899BB2F30F611003DDFBF /* Debug */,
				150899BC2F30F611003DDFBF /* Release */,
			);
			defaultConfigurationIsVisible = 0;
			defaultConfigurationName = Release;
		};
		150899BD2F30F611003DDFBF /* Build configuration list for PBXNativeTarget "MeridianUITests" */ = {
			isa = XCConfigurationList;
			buildConfigurations = (
				150899BE2F30F611003DDFBF /* Debug */,
				150899BF2F30F611003DDFBF /* Release */,
			);
			defaultConfigurationIsVisible = 0;
			defaultConfigurationName = Release;
		};
/* End XCConfigurationList section */

/* Begin XCRemoteSwiftPackageReference section */
		12123E2D2F4717FB0011B385 /* XCRemoteSwiftPackageReference "purchases-ios" */ = {
			isa = XCRemoteSwiftPackageReference;
			repositoryURL = "https://github.com/RevenueCat/purchases-ios";
			requirement = {
				kind = upToNextMajorVersion;
				minimumVersion = 5.59.0;
			};
		};
		12123E322F4719A20011B385 /* XCRemoteSwiftPackageReference "plaid-link-ios" */ = {
			isa = XCRemoteSwiftPackageReference;
			repositoryURL = "https://github.com/plaid/plaid-link-ios";
			requirement = {
				kind = upToNextMajorVersion;
				minimumVersion = 6.4.3;
			};
		};
		AA5B00012F38500000001001 /* XCRemoteSwiftPackageReference "supabase-swift" */ = {
			isa = XCRemoteSwiftPackageReference;
			repositoryURL = "https://github.com/supabase/supabase-swift";
			requirement = {
				kind = upToNextMajorVersion;
				minimumVersion = 2.0.0;
			};
		};
/* End XCRemoteSwiftPackageReference section */

/* Begin XCSwiftPackageProductDependency section */
		12123E2E2F4717FB0011B385 /* RevenueCat */ = {
			isa = XCSwiftPackageProductDependency;
			package = 12123E2D2F4717FB0011B385 /* XCRemoteSwiftPackageReference "purchases-ios" */;
			productName = RevenueCat;
		};
		12123E302F4717FB0011B385 /* RevenueCatUI */ = {
			isa = XCSwiftPackageProductDependency;
			package = 12123E2D2F4717FB0011B385 /* XCRemoteSwiftPackageReference "purchases-ios" */;
			productName = RevenueCatUI;
		};
		12123E332F4719A20011B385 /* LinkKit */ = {
			isa = XCSwiftPackageProductDependency;
			package = 12123E322F4719A20011B385 /* XCRemoteSwiftPackageReference "plaid-link-ios" */;
			productName = LinkKit;
		};
		AA5B00022F38500000001002 /* Supabase */ = {
			isa = XCSwiftPackageProductDependency;
			package = AA5B00012F38500000001001 /* XCRemoteSwiftPackageReference "supabase-swift" */;
			productName = Supabase;
		};
/* End XCSwiftPackageProductDependency section */
	};
	rootObject = 1508998C2F30F60F003DDFBF /* Project object */;
}
